// !$*UTF8*$!
{
	archiveVersion = 1;
	classes = {
	};
	objectVersion = 52;
	objects = {

/* Begin PBXBuildFile section */
		4704D41926C0DAE000E4A6F0 /* SimpleNetwork in Frameworks */ = {isa = PBXBuildFile; productRef = 4704D41826C0DAE000E4A6F0 /* SimpleNetwork */; };
		4704D41C26C0EFF500E4A6F0 /* Kingfisher in Frameworks */ = {isa = PBXBuildFile; productRef = 4704D41B26C0EFF500E4A6F0 /* Kingfisher */; };
		470927B326A26C7800B54088 /* TabBarViewController.swift in Sources */ = {isa = PBXBuildFile; fileRef = 470927B226A26C7800B54088 /* TabBarViewController.swift */; };
		470927B526A27AD500B54088 /* HistoryViewController.swift in Sources */ = {isa = PBXBuildFile; fileRef = 470927B426A27AD500B54088 /* HistoryViewController.swift */; };
		470927B726A27BAB00B54088 /* HomeCoordinator.swift in Sources */ = {isa = PBXBuildFile; fileRef = 470927B626A27BAB00B54088 /* HomeCoordinator.swift */; };
		470927B926A27BC900B54088 /* HistoryCoordinator.swift in Sources */ = {isa = PBXBuildFile; fileRef = 470927B826A27BC900B54088 /* HistoryCoordinator.swift */; };
		470927BB26A2897800B54088 /* IconLibrary.swift in Sources */ = {isa = PBXBuildFile; fileRef = 470927BA26A2897800B54088 /* IconLibrary.swift */; };
		470927BF26A2A0E600B54088 /* Reusable in Frameworks */ = {isa = PBXBuildFile; productRef = 470927BE26A2A0E600B54088 /* Reusable */; };
		470927C226A2A3A200B54088 /* CellViewModel.swift in Sources */ = {isa = PBXBuildFile; fileRef = 470927C126A2A3A200B54088 /* CellViewModel.swift */; };
		470927C426A2A4BC00B54088 /* DefiItem.swift in Sources */ = {isa = PBXBuildFile; fileRef = 470927C326A2A4BC00B54088 /* DefiItem.swift */; };
		470927C626A2AA4B00B54088 /* DAppCellView.swift in Sources */ = {isa = PBXBuildFile; fileRef = 470927C526A2AA4B00B54088 /* DAppCellView.swift */; };
		470927C826A2ABE100B54088 /* CellProtocol.swift in Sources */ = {isa = PBXBuildFile; fileRef = 470927C726A2ABE100B54088 /* CellProtocol.swift */; };
		470927CA26A2B18500B54088 /* DAppCellViewModel.swift in Sources */ = {isa = PBXBuildFile; fileRef = 470927C926A2B18500B54088 /* DAppCellViewModel.swift */; };
		470927CC26A2B2D500B54088 /* DAppSection.swift in Sources */ = {isa = PBXBuildFile; fileRef = 470927CB26A2B2D500B54088 /* DAppSection.swift */; };
		47993E5D267EECBE00B20455 /* AppDelegate.swift in Sources */ = {isa = PBXBuildFile; fileRef = 47993E5C267EECBE00B20455 /* AppDelegate.swift */; };
		47993E5F267EECBE00B20455 /* SceneDelegate.swift in Sources */ = {isa = PBXBuildFile; fileRef = 47993E5E267EECBE00B20455 /* SceneDelegate.swift */; };
		47993E61267EECBE00B20455 /* HomeViewController.swift in Sources */ = {isa = PBXBuildFile; fileRef = 47993E60267EECBE00B20455 /* HomeViewController.swift */; };
		47993E66267EECC700B20455 /* Assets.xcassets in Resources */ = {isa = PBXBuildFile; fileRef = 47993E65267EECC700B20455 /* Assets.xcassets */; };
		47993E69267EECC700B20455 /* LaunchScreen.storyboard in Resources */ = {isa = PBXBuildFile; fileRef = 47993E67267EECC700B20455 /* LaunchScreen.storyboard */; };
		47993E91267EF65600B20455 /* CoordinatorKit in Frameworks */ = {isa = PBXBuildFile; productRef = 47993E90267EF65600B20455 /* CoordinatorKit */; };
		47993E97267EF6C300B20455 /* AppCoordinator.swift in Sources */ = {isa = PBXBuildFile; fileRef = 47993E96267EF6C300B20455 /* AppCoordinator.swift */; };
		47993E9A267EF8F000B20455 /* SnapKit in Frameworks */ = {isa = PBXBuildFile; productRef = 47993E99267EF8F000B20455 /* SnapKit */; };
		47993E9D267EFBBC00B20455 /* HomeView.swift in Sources */ = {isa = PBXBuildFile; fileRef = 47993E9C267EFBBC00B20455 /* HomeView.swift */; };
		47993E9F267F047400B20455 /* ColorPalette.swift in Sources */ = {isa = PBXBuildFile; fileRef = 47993E9E267F047400B20455 /* ColorPalette.swift */; };
		47D33003269AA10100A720D2 /* ViewCoding.swift in Sources */ = {isa = PBXBuildFile; fileRef = 47D33002269AA10100A720D2 /* ViewCoding.swift */; };
		47D33006269AA7EF00A720D2 /* HomeSearchHeaderView.swift in Sources */ = {isa = PBXBuildFile; fileRef = 47D33005269AA7EF00A720D2 /* HomeSearchHeaderView.swift */; };
		47D33008269AAB0E00A720D2 /* SizeToken.swift in Sources */ = {isa = PBXBuildFile; fileRef = 47D33007269AAB0E00A720D2 /* SizeToken.swift */; };
		47D33046269AB83D00A720D2 /* HomeViewModel.swift in Sources */ = {isa = PBXBuildFile; fileRef = 47D33045269AB83D00A720D2 /* HomeViewModel.swift */; };
		47D33049269ABA0900A720D2 /* TableViewSectionProtocol.swift in Sources */ = {isa = PBXBuildFile; fileRef = 47D33048269ABA0900A720D2 /* TableViewSectionProtocol.swift */; };
		47D3304B269ABCFE00A720D2 /* DataSource.swift in Sources */ = {isa = PBXBuildFile; fileRef = 47D3304A269ABCFE00A720D2 /* DataSource.swift */; };
		47D5274526B4B8E000768D48 /* PKHUD in Frameworks */ = {isa = PBXBuildFile; productRef = 47D5274426B4B8E000768D48 /* PKHUD */; };
		47D5274726B4BB4F00768D48 /* AssetCatalog.swift in Sources */ = {isa = PBXBuildFile; fileRef = 47D5274626B4BB4F00768D48 /* AssetCatalog.swift */; };
		47D5274926B4BF1300768D48 /* StatefulProtocol.swift in Sources */ = {isa = PBXBuildFile; fileRef = 47D5274826B4BF1300768D48 /* StatefulProtocol.swift */; };
		47D5274E26B50A8200768D48 /* DefiService.swift in Sources */ = {isa = PBXBuildFile; fileRef = 47D5274D26B50A8200768D48 /* DefiService.swift */; };
		47D5275026B50BCD00768D48 /* DefiRouter.swift in Sources */ = {isa = PBXBuildFile; fileRef = 47D5274F26B50BCD00768D48 /* DefiRouter.swift */; };
		47D5275326B5197200768D48 /* CollectionDataSource.swift in Sources */ = {isa = PBXBuildFile; fileRef = 47D5275226B5197200768D48 /* CollectionDataSource.swift */; };
		47D5275526B5241C00768D48 /* DAppCollectionViewCell.swift in Sources */ = {isa = PBXBuildFile; fileRef = 47D5275426B5241C00768D48 /* DAppCollectionViewCell.swift */; };
		EB34D9F626CF204000309786 /* Localizable.strings in Resources */ = {isa = PBXBuildFile; fileRef = EB34D9F826CF204000309786 /* Localizable.strings */; };
		EB34D9FB26CF217A00309786 /* AppStrings.swift in Sources */ = {isa = PBXBuildFile; fileRef = EB34D9FA26CF217A00309786 /* AppStrings.swift */; };
		EB34D9FF26CF316A00309786 /* HomeAction.swift in Sources */ = {isa = PBXBuildFile; fileRef = EB34D9FE26CF316A00309786 /* HomeAction.swift */; };
		EB43C26026CF3737003CB957 /* BrowserViewController.swift in Sources */ = {isa = PBXBuildFile; fileRef = EB43C25F26CF3737003CB957 /* BrowserViewController.swift */; };
		EB43C26226CF4A8F003CB957 /* BrowserCoordinator.swift in Sources */ = {isa = PBXBuildFile; fileRef = EB43C26126CF4A8F003CB957 /* BrowserCoordinator.swift */; };
		EB4B9C0E26D308BD00711A6D /* HistoryItemDao.swift in Sources */ = {isa = PBXBuildFile; fileRef = EB4B9C0D26D308BD00711A6D /* HistoryItemDao.swift */; };
		EB4B9C1026D3756700711A6D /* HistoryViewModel.swift in Sources */ = {isa = PBXBuildFile; fileRef = EB4B9C0F26D3756700711A6D /* HistoryViewModel.swift */; };
		EB4B9C1226D3756F00711A6D /* HistoryView.swift in Sources */ = {isa = PBXBuildFile; fileRef = EB4B9C1126D3756F00711A6D /* HistoryView.swift */; };
		EB4B9C1426D387AC00711A6D /* HistoryAction.swift in Sources */ = {isa = PBXBuildFile; fileRef = EB4B9C1326D387AC00711A6D /* HistoryAction.swift */; };
		EB4B9C1826D3A06E00711A6D /* BrowserHTMLParserTestCase.swift in Sources */ = {isa = PBXBuildFile; fileRef = EB4B9C1726D3A06E00711A6D /* BrowserHTMLParserTestCase.swift */; };
		EB4B9C1B26D3A41100711A6D /* HTMLWebsite.html in Resources */ = {isa = PBXBuildFile; fileRef = EB4B9C1A26D3A41100711A6D /* HTMLWebsite.html */; };
		EB4B9C1D26D3AAED00711A6D /* CollectionViewSectionTestCase.swift in Sources */ = {isa = PBXBuildFile; fileRef = EB4B9C1C26D3AAED00711A6D /* CollectionViewSectionTestCase.swift */; };
		EB4B9C1F26D3AB1400711A6D /* TableViewSectionTestCase.swift in Sources */ = {isa = PBXBuildFile; fileRef = EB4B9C1E26D3AB1400711A6D /* TableViewSectionTestCase.swift */; };
		EB4B9C2126D3AB2600711A6D /* DataSourceTestCase.swift in Sources */ = {isa = PBXBuildFile; fileRef = EB4B9C2026D3AB2600711A6D /* DataSourceTestCase.swift */; };
		EB4B9C2426D3ABC600711A6D /* DefiRouterTestCase.swift in Sources */ = {isa = PBXBuildFile; fileRef = EB4B9C2326D3ABC600711A6D /* DefiRouterTestCase.swift */; };
		EB65F78926E05A48008F66A6 /* FakeTableviewSection.swift in Sources */ = {isa = PBXBuildFile; fileRef = EB65F78826E05A48008F66A6 /* FakeTableviewSection.swift */; };
		EB65F78E26E07057008F66A6 /* FakeDatabaseService.swift in Sources */ = {isa = PBXBuildFile; fileRef = EB65F78D26E07057008F66A6 /* FakeDatabaseService.swift */; };
		EB65F79026E071AA008F66A6 /* BrowserCoordinatorTestCase.swift in Sources */ = {isa = PBXBuildFile; fileRef = EB65F78F26E071AA008F66A6 /* BrowserCoordinatorTestCase.swift */; };
		EB65F79226E07431008F66A6 /* HomeCoordinatorTestCase.swift in Sources */ = {isa = PBXBuildFile; fileRef = EB65F79126E07431008F66A6 /* HomeCoordinatorTestCase.swift */; };
		EB65F79426E07440008F66A6 /* HistoryCoordinatorTestCase.swift in Sources */ = {isa = PBXBuildFile; fileRef = EB65F79326E07440008F66A6 /* HistoryCoordinatorTestCase.swift */; };
		EB65F79B26E07C44008F66A6 /* BrowserViewTestCase.swift in Sources */ = {isa = PBXBuildFile; fileRef = EB65F79A26E07C44008F66A6 /* BrowserViewTestCase.swift */; };
		EB65F79D26E08230008F66A6 /* BrowserViewControllerTestCase.swift in Sources */ = {isa = PBXBuildFile; fileRef = EB65F79C26E08230008F66A6 /* BrowserViewControllerTestCase.swift */; };
		EB65F79F26E084DE008F66A6 /* FakeCoordinator.swift in Sources */ = {isa = PBXBuildFile; fileRef = EB65F79E26E084DE008F66A6 /* FakeCoordinator.swift */; };
		EB65F7A126E08C95008F66A6 /* BrowserViewControllerURLTestCase.swift in Sources */ = {isa = PBXBuildFile; fileRef = EB65F7A026E08C95008F66A6 /* BrowserViewControllerURLTestCase.swift */; };
		EB7FBB8F26DC0C4500AA07F0 /* HTMLWebsiteOpenGraph.html in Resources */ = {isa = PBXBuildFile; fileRef = EB7FBB8E26DC0C4500AA07F0 /* HTMLWebsiteOpenGraph.html */; };
		EB7FBB9126DC0E8700AA07F0 /* CollectionDataSourceTestCase.swift in Sources */ = {isa = PBXBuildFile; fileRef = EB7FBB9026DC0E8700AA07F0 /* CollectionDataSourceTestCase.swift */; };
		EB7FBB9326DC0EB300AA07F0 /* CollectionViewSection.swift in Sources */ = {isa = PBXBuildFile; fileRef = EB7FBB9226DC0EB300AA07F0 /* CollectionViewSection.swift */; };
		EB8CE44826D07C5E005776B1 /* BrowserView.swift in Sources */ = {isa = PBXBuildFile; fileRef = EB8CE44726D07C5E005776B1 /* BrowserView.swift */; };
		EB8CE44A26D07F98005776B1 /* BrowserHTMLParser.swift in Sources */ = {isa = PBXBuildFile; fileRef = EB8CE44926D07F98005776B1 /* BrowserHTMLParser.swift */; };
		EB8CE44E26D08172005776B1 /* SwiftSoup in Frameworks */ = {isa = PBXBuildFile; productRef = EB8CE44D26D08172005776B1 /* SwiftSoup */; };
		EBA6FA8426E330980095378E /* HomeViewTestCase.swift in Sources */ = {isa = PBXBuildFile; fileRef = EBA6FA8326E330980095378E /* HomeViewTestCase.swift */; };
		EBA6FA8626E330AD0095378E /* HistoryViewTestCase.swift in Sources */ = {isa = PBXBuildFile; fileRef = EBA6FA8526E330AD0095378E /* HistoryViewTestCase.swift */; };
		EBA6FA8826E3322A0095378E /* HomeViewControllerTestCase.swift in Sources */ = {isa = PBXBuildFile; fileRef = EBA6FA8726E3322A0095378E /* HomeViewControllerTestCase.swift */; };
		EBA6FA8A26E3324B0095378E /* HistoryViewControllerTestCase.swift in Sources */ = {isa = PBXBuildFile; fileRef = EBA6FA8926E3324B0095378E /* HistoryViewControllerTestCase.swift */; };
		EBA6FA8C26E334170095378E /* FakeDefiService.swift in Sources */ = {isa = PBXBuildFile; fileRef = EBA6FA8B26E334170095378E /* FakeDefiService.swift */; };
		EBA6FA8E26E3349F0095378E /* DeFiList.json in Resources */ = {isa = PBXBuildFile; fileRef = EBA6FA8D26E3349F0095378E /* DeFiList.json */; };
		EBAAFB7C26D0A55400A96503 /* BrowserViewModel.swift in Sources */ = {isa = PBXBuildFile; fileRef = EBAAFB7B26D0A55400A96503 /* BrowserViewModel.swift */; };
		EBAAFB7E26D0A8FD00A96503 /* BrowserWebView.swift in Sources */ = {isa = PBXBuildFile; fileRef = EBAAFB7D26D0A8FD00A96503 /* BrowserWebView.swift */; };
		EBAAFBBD26D0C53A00A96503 /* BrowserAction.swift in Sources */ = {isa = PBXBuildFile; fileRef = EBAAFBBC26D0C53A00A96503 /* BrowserAction.swift */; };
		EBAAFBC026D197DA00A96503 /* RealmSwift in Frameworks */ = {isa = PBXBuildFile; productRef = EBAAFBBF26D197DA00A96503 /* RealmSwift */; };
		EBAAFBC226D197DA00A96503 /* Realm in Frameworks */ = {isa = PBXBuildFile; productRef = EBAAFBC126D197DA00A96503 /* Realm */; };
		EBAAFBC426D198F000A96503 /* DatabaseService.swift in Sources */ = {isa = PBXBuildFile; fileRef = EBAAFBC326D198F000A96503 /* DatabaseService.swift */; };
		EBAAFBC626D1B70800A96503 /* DefiItemDao.swift in Sources */ = {isa = PBXBuildFile; fileRef = EBAAFBC526D1B70800A96503 /* DefiItemDao.swift */; };
		EBAAFBCB26D1C36F00A96503 /* BookmarkCellView.swift in Sources */ = {isa = PBXBuildFile; fileRef = EBAAFBCA26D1C36F00A96503 /* BookmarkCellView.swift */; };
/* End PBXBuildFile section */

/* Begin PBXContainerItemProxy section */
		47993E70267EECC900B20455 /* PBXContainerItemProxy */ = {
			isa = PBXContainerItemProxy;
			containerPortal = 47993E51267EECBE00B20455 /* Project object */;
			proxyType = 1;
			remoteGlobalIDString = 47993E58267EECBE00B20455;
			remoteInfo = "DeFi Browser";
		};
/* End PBXContainerItemProxy section */

/* Begin PBXFileReference section */
		470927B226A26C7800B54088 /* TabBarViewController.swift */ = {isa = PBXFileReference; lastKnownFileType = sourcecode.swift; path = TabBarViewController.swift; sourceTree = "<group>"; };
		470927B426A27AD500B54088 /* HistoryViewController.swift */ = {isa = PBXFileReference; lastKnownFileType = sourcecode.swift; path = HistoryViewController.swift; sourceTree = "<group>"; };
		470927B626A27BAB00B54088 /* HomeCoordinator.swift */ = {isa = PBXFileReference; lastKnownFileType = sourcecode.swift; path = HomeCoordinator.swift; sourceTree = "<group>"; };
		470927B826A27BC900B54088 /* HistoryCoordinator.swift */ = {isa = PBXFileReference; lastKnownFileType = sourcecode.swift; path = HistoryCoordinator.swift; sourceTree = "<group>"; };
		470927BA26A2897800B54088 /* IconLibrary.swift */ = {isa = PBXFileReference; lastKnownFileType = sourcecode.swift; path = IconLibrary.swift; sourceTree = "<group>"; };
		470927C126A2A3A200B54088 /* CellViewModel.swift */ = {isa = PBXFileReference; lastKnownFileType = sourcecode.swift; path = CellViewModel.swift; sourceTree = "<group>"; };
		470927C326A2A4BC00B54088 /* DefiItem.swift */ = {isa = PBXFileReference; lastKnownFileType = sourcecode.swift; path = DefiItem.swift; sourceTree = "<group>"; };
		470927C526A2AA4B00B54088 /* DAppCellView.swift */ = {isa = PBXFileReference; lastKnownFileType = sourcecode.swift; path = DAppCellView.swift; sourceTree = "<group>"; };
		470927C726A2ABE100B54088 /* CellProtocol.swift */ = {isa = PBXFileReference; lastKnownFileType = sourcecode.swift; path = CellProtocol.swift; sourceTree = "<group>"; };
		470927C926A2B18500B54088 /* DAppCellViewModel.swift */ = {isa = PBXFileReference; lastKnownFileType = sourcecode.swift; path = DAppCellViewModel.swift; sourceTree = "<group>"; };
		470927CB26A2B2D500B54088 /* DAppSection.swift */ = {isa = PBXFileReference; lastKnownFileType = sourcecode.swift; path = DAppSection.swift; sourceTree = "<group>"; };
		47993E59267EECBE00B20455 /* DeFi Browser.app */ = {isa = PBXFileReference; explicitFileType = wrapper.application; includeInIndex = 0; path = "DeFi Browser.app"; sourceTree = BUILT_PRODUCTS_DIR; };
		47993E5C267EECBE00B20455 /* AppDelegate.swift */ = {isa = PBXFileReference; lastKnownFileType = sourcecode.swift; path = AppDelegate.swift; sourceTree = "<group>"; };
		47993E5E267EECBE00B20455 /* SceneDelegate.swift */ = {isa = PBXFileReference; lastKnownFileType = sourcecode.swift; path = SceneDelegate.swift; sourceTree = "<group>"; };
		47993E60267EECBE00B20455 /* HomeViewController.swift */ = {isa = PBXFileReference; lastKnownFileType = sourcecode.swift; path = HomeViewController.swift; sourceTree = "<group>"; };
		47993E65267EECC700B20455 /* Assets.xcassets */ = {isa = PBXFileReference; lastKnownFileType = folder.assetcatalog; path = Assets.xcassets; sourceTree = "<group>"; };
		47993E68267EECC700B20455 /* Base */ = {isa = PBXFileReference; lastKnownFileType = file.storyboard; name = Base; path = Base.lproj/LaunchScreen.storyboard; sourceTree = "<group>"; };
		47993E6A267EECC700B20455 /* Info.plist */ = {isa = PBXFileReference; lastKnownFileType = text.plist.xml; path = Info.plist; sourceTree = "<group>"; };
		47993E6F267EECC900B20455 /* DeFi BrowserTests.xctest */ = {isa = PBXFileReference; explicitFileType = wrapper.cfbundle; includeInIndex = 0; path = "DeFi BrowserTests.xctest"; sourceTree = BUILT_PRODUCTS_DIR; };
		47993E75267EECC900B20455 /* Info.plist */ = {isa = PBXFileReference; lastKnownFileType = text.plist.xml; path = Info.plist; sourceTree = "<group>"; };
		47993E8C267EECD700B20455 /* DeFi Browser.entitlements */ = {isa = PBXFileReference; lastKnownFileType = text.plist.entitlements; path = "DeFi Browser.entitlements"; sourceTree = "<group>"; };
		47993E96267EF6C300B20455 /* AppCoordinator.swift */ = {isa = PBXFileReference; lastKnownFileType = sourcecode.swift; path = AppCoordinator.swift; sourceTree = "<group>"; };
		47993E9C267EFBBC00B20455 /* HomeView.swift */ = {isa = PBXFileReference; lastKnownFileType = sourcecode.swift; path = HomeView.swift; sourceTree = "<group>"; };
		47993E9E267F047400B20455 /* ColorPalette.swift */ = {isa = PBXFileReference; lastKnownFileType = sourcecode.swift; path = ColorPalette.swift; sourceTree = "<group>"; };
		47D33002269AA10100A720D2 /* ViewCoding.swift */ = {isa = PBXFileReference; lastKnownFileType = sourcecode.swift; path = ViewCoding.swift; sourceTree = "<group>"; };
		47D33005269AA7EF00A720D2 /* HomeSearchHeaderView.swift */ = {isa = PBXFileReference; lastKnownFileType = sourcecode.swift; path = HomeSearchHeaderView.swift; sourceTree = "<group>"; };
		47D33007269AAB0E00A720D2 /* SizeToken.swift */ = {isa = PBXFileReference; lastKnownFileType = sourcecode.swift; path = SizeToken.swift; sourceTree = "<group>"; };
		47D33045269AB83D00A720D2 /* HomeViewModel.swift */ = {isa = PBXFileReference; lastKnownFileType = sourcecode.swift; path = HomeViewModel.swift; sourceTree = "<group>"; };
		47D33048269ABA0900A720D2 /* TableViewSectionProtocol.swift */ = {isa = PBXFileReference; lastKnownFileType = sourcecode.swift; path = TableViewSectionProtocol.swift; sourceTree = "<group>"; };
		47D3304A269ABCFE00A720D2 /* DataSource.swift */ = {isa = PBXFileReference; lastKnownFileType = sourcecode.swift; path = DataSource.swift; sourceTree = "<group>"; };
		47D5274626B4BB4F00768D48 /* AssetCatalog.swift */ = {isa = PBXFileReference; lastKnownFileType = sourcecode.swift; path = AssetCatalog.swift; sourceTree = "<group>"; };
		47D5274826B4BF1300768D48 /* StatefulProtocol.swift */ = {isa = PBXFileReference; lastKnownFileType = sourcecode.swift; path = StatefulProtocol.swift; sourceTree = "<group>"; };
		47D5274D26B50A8200768D48 /* DefiService.swift */ = {isa = PBXFileReference; lastKnownFileType = sourcecode.swift; path = DefiService.swift; sourceTree = "<group>"; };
		47D5274F26B50BCD00768D48 /* DefiRouter.swift */ = {isa = PBXFileReference; lastKnownFileType = sourcecode.swift; path = DefiRouter.swift; sourceTree = "<group>"; };
		47D5275226B5197200768D48 /* CollectionDataSource.swift */ = {isa = PBXFileReference; lastKnownFileType = sourcecode.swift; path = CollectionDataSource.swift; sourceTree = "<group>"; };
		47D5275426B5241C00768D48 /* DAppCollectionViewCell.swift */ = {isa = PBXFileReference; lastKnownFileType = sourcecode.swift; path = DAppCollectionViewCell.swift; sourceTree = "<group>"; };
		EB34D9F726CF204000309786 /* en */ = {isa = PBXFileReference; lastKnownFileType = text.plist.strings; name = en; path = en.lproj/Localizable.strings; sourceTree = "<group>"; };
		EB34D9FA26CF217A00309786 /* AppStrings.swift */ = {isa = PBXFileReference; lastKnownFileType = sourcecode.swift; path = AppStrings.swift; sourceTree = "<group>"; };
		EB34D9FE26CF316A00309786 /* HomeAction.swift */ = {isa = PBXFileReference; lastKnownFileType = sourcecode.swift; path = HomeAction.swift; sourceTree = "<group>"; };
		EB43C25F26CF3737003CB957 /* BrowserViewController.swift */ = {isa = PBXFileReference; lastKnownFileType = sourcecode.swift; path = BrowserViewController.swift; sourceTree = "<group>"; };
		EB43C26126CF4A8F003CB957 /* BrowserCoordinator.swift */ = {isa = PBXFileReference; lastKnownFileType = sourcecode.swift; path = BrowserCoordinator.swift; sourceTree = "<group>"; };
		EB4B9C0D26D308BD00711A6D /* HistoryItemDao.swift */ = {isa = PBXFileReference; lastKnownFileType = sourcecode.swift; path = HistoryItemDao.swift; sourceTree = "<group>"; };
		EB4B9C0F26D3756700711A6D /* HistoryViewModel.swift */ = {isa = PBXFileReference; lastKnownFileType = sourcecode.swift; path = HistoryViewModel.swift; sourceTree = "<group>"; };
		EB4B9C1126D3756F00711A6D /* HistoryView.swift */ = {isa = PBXFileReference; lastKnownFileType = sourcecode.swift; path = HistoryView.swift; sourceTree = "<group>"; };
		EB4B9C1326D387AC00711A6D /* HistoryAction.swift */ = {isa = PBXFileReference; lastKnownFileType = sourcecode.swift; path = HistoryAction.swift; sourceTree = "<group>"; };
		EB4B9C1726D3A06E00711A6D /* BrowserHTMLParserTestCase.swift */ = {isa = PBXFileReference; lastKnownFileType = sourcecode.swift; path = BrowserHTMLParserTestCase.swift; sourceTree = "<group>"; };
		EB4B9C1A26D3A41100711A6D /* HTMLWebsite.html */ = {isa = PBXFileReference; lastKnownFileType = text.html; path = HTMLWebsite.html; sourceTree = "<group>"; };
		EB4B9C1C26D3AAED00711A6D /* CollectionViewSectionTestCase.swift */ = {isa = PBXFileReference; lastKnownFileType = sourcecode.swift; path = CollectionViewSectionTestCase.swift; sourceTree = "<group>"; };
		EB4B9C1E26D3AB1400711A6D /* TableViewSectionTestCase.swift */ = {isa = PBXFileReference; lastKnownFileType = sourcecode.swift; path = TableViewSectionTestCase.swift; sourceTree = "<group>"; };
		EB4B9C2026D3AB2600711A6D /* DataSourceTestCase.swift */ = {isa = PBXFileReference; lastKnownFileType = sourcecode.swift; path = DataSourceTestCase.swift; sourceTree = "<group>"; };
		EB4B9C2326D3ABC600711A6D /* DefiRouterTestCase.swift */ = {isa = PBXFileReference; lastKnownFileType = sourcecode.swift; path = DefiRouterTestCase.swift; sourceTree = "<group>"; };
		EB65F78826E05A48008F66A6 /* FakeTableviewSection.swift */ = {isa = PBXFileReference; lastKnownFileType = sourcecode.swift; path = FakeTableviewSection.swift; sourceTree = "<group>"; };
		EB65F78D26E07057008F66A6 /* FakeDatabaseService.swift */ = {isa = PBXFileReference; lastKnownFileType = sourcecode.swift; path = FakeDatabaseService.swift; sourceTree = "<group>"; };
		EB65F78F26E071AA008F66A6 /* BrowserCoordinatorTestCase.swift */ = {isa = PBXFileReference; lastKnownFileType = sourcecode.swift; path = BrowserCoordinatorTestCase.swift; sourceTree = "<group>"; };
		EB65F79126E07431008F66A6 /* HomeCoordinatorTestCase.swift */ = {isa = PBXFileReference; lastKnownFileType = sourcecode.swift; path = HomeCoordinatorTestCase.swift; sourceTree = "<group>"; };
		EB65F79326E07440008F66A6 /* HistoryCoordinatorTestCase.swift */ = {isa = PBXFileReference; lastKnownFileType = sourcecode.swift; path = HistoryCoordinatorTestCase.swift; sourceTree = "<group>"; };
		EB65F79A26E07C44008F66A6 /* BrowserViewTestCase.swift */ = {isa = PBXFileReference; lastKnownFileType = sourcecode.swift; path = BrowserViewTestCase.swift; sourceTree = "<group>"; };
		EB65F79C26E08230008F66A6 /* BrowserViewControllerTestCase.swift */ = {isa = PBXFileReference; lastKnownFileType = sourcecode.swift; path = BrowserViewControllerTestCase.swift; sourceTree = "<group>"; };
		EB65F79E26E084DE008F66A6 /* FakeCoordinator.swift */ = {isa = PBXFileReference; lastKnownFileType = sourcecode.swift; path = FakeCoordinator.swift; sourceTree = "<group>"; };
		EB65F7A026E08C95008F66A6 /* BrowserViewControllerURLTestCase.swift */ = {isa = PBXFileReference; lastKnownFileType = sourcecode.swift; path = BrowserViewControllerURLTestCase.swift; sourceTree = "<group>"; };
		EB7FBB8E26DC0C4500AA07F0 /* HTMLWebsiteOpenGraph.html */ = {isa = PBXFileReference; lastKnownFileType = text.html; path = HTMLWebsiteOpenGraph.html; sourceTree = "<group>"; };
		EB7FBB9026DC0E8700AA07F0 /* CollectionDataSourceTestCase.swift */ = {isa = PBXFileReference; lastKnownFileType = sourcecode.swift; path = CollectionDataSourceTestCase.swift; sourceTree = "<group>"; };
		EB7FBB9226DC0EB300AA07F0 /* CollectionViewSection.swift */ = {isa = PBXFileReference; lastKnownFileType = sourcecode.swift; path = CollectionViewSection.swift; sourceTree = "<group>"; };
		EB8CE44726D07C5E005776B1 /* BrowserView.swift */ = {isa = PBXFileReference; lastKnownFileType = sourcecode.swift; path = BrowserView.swift; sourceTree = "<group>"; };
		EB8CE44926D07F98005776B1 /* BrowserHTMLParser.swift */ = {isa = PBXFileReference; lastKnownFileType = sourcecode.swift; path = BrowserHTMLParser.swift; sourceTree = "<group>"; };
		EBA6FA8326E330980095378E /* HomeViewTestCase.swift */ = {isa = PBXFileReference; lastKnownFileType = sourcecode.swift; path = HomeViewTestCase.swift; sourceTree = "<group>"; };
		EBA6FA8526E330AD0095378E /* HistoryViewTestCase.swift */ = {isa = PBXFileReference; lastKnownFileType = sourcecode.swift; path = HistoryViewTestCase.swift; sourceTree = "<group>"; };
		EBA6FA8726E3322A0095378E /* HomeViewControllerTestCase.swift */ = {isa = PBXFileReference; lastKnownFileType = sourcecode.swift; path = HomeViewControllerTestCase.swift; sourceTree = "<group>"; };
		EBA6FA8926E3324B0095378E /* HistoryViewControllerTestCase.swift */ = {isa = PBXFileReference; lastKnownFileType = sourcecode.swift; path = HistoryViewControllerTestCase.swift; sourceTree = "<group>"; };
		EBA6FA8B26E334170095378E /* FakeDefiService.swift */ = {isa = PBXFileReference; lastKnownFileType = sourcecode.swift; path = FakeDefiService.swift; sourceTree = "<group>"; };
		EBA6FA8D26E3349F0095378E /* DeFiList.json */ = {isa = PBXFileReference; lastKnownFileType = text.json; path = DeFiList.json; sourceTree = "<group>"; };
		EBAAFB7B26D0A55400A96503 /* BrowserViewModel.swift */ = {isa = PBXFileReference; lastKnownFileType = sourcecode.swift; path = BrowserViewModel.swift; sourceTree = "<group>"; };
		EBAAFB7D26D0A8FD00A96503 /* BrowserWebView.swift */ = {isa = PBXFileReference; lastKnownFileType = sourcecode.swift; path = BrowserWebView.swift; sourceTree = "<group>"; };
		EBAAFBBC26D0C53A00A96503 /* BrowserAction.swift */ = {isa = PBXFileReference; lastKnownFileType = sourcecode.swift; path = BrowserAction.swift; sourceTree = "<group>"; };
		EBAAFBC326D198F000A96503 /* DatabaseService.swift */ = {isa = PBXFileReference; lastKnownFileType = sourcecode.swift; path = DatabaseService.swift; sourceTree = "<group>"; };
		EBAAFBC526D1B70800A96503 /* DefiItemDao.swift */ = {isa = PBXFileReference; lastKnownFileType = sourcecode.swift; path = DefiItemDao.swift; sourceTree = "<group>"; };
		EBAAFBCA26D1C36F00A96503 /* BookmarkCellView.swift */ = {isa = PBXFileReference; lastKnownFileType = sourcecode.swift; path = BookmarkCellView.swift; sourceTree = "<group>"; };
/* End PBXFileReference section */

/* Begin PBXFrameworksBuildPhase section */
		47993E56267EECBE00B20455 /* Frameworks */ = {
			isa = PBXFrameworksBuildPhase;
			buildActionMask = 2147483647;
			files = (
				EBAAFBC026D197DA00A96503 /* RealmSwift in Frameworks */,
				4704D41C26C0EFF500E4A6F0 /* Kingfisher in Frameworks */,
				4704D41926C0DAE000E4A6F0 /* SimpleNetwork in Frameworks */,
				47993E91267EF65600B20455 /* CoordinatorKit in Frameworks */,
				47D5274526B4B8E000768D48 /* PKHUD in Frameworks */,
				47993E9A267EF8F000B20455 /* SnapKit in Frameworks */,
				EBAAFBC226D197DA00A96503 /* Realm in Frameworks */,
				470927BF26A2A0E600B54088 /* Reusable in Frameworks */,
				EB8CE44E26D08172005776B1 /* SwiftSoup in Frameworks */,
			);
			runOnlyForDeploymentPostprocessing = 0;
		};
		47993E6C267EECC900B20455 /* Frameworks */ = {
			isa = PBXFrameworksBuildPhase;
			buildActionMask = 2147483647;
			files = (
			);
			runOnlyForDeploymentPostprocessing = 0;
		};
/* End PBXFrameworksBuildPhase section */

/* Begin PBXGroup section */
		470927B026A26C2B00B54088 /* History */ = {
			isa = PBXGroup;
			children = (
				470927B426A27AD500B54088 /* HistoryViewController.swift */,
				EB4B9C0F26D3756700711A6D /* HistoryViewModel.swift */,
				EB4B9C1126D3756F00711A6D /* HistoryView.swift */,
			);
			path = History;
			sourceTree = "<group>";
		};
		470927B126A26C4F00B54088 /* TabBar */ = {
			isa = PBXGroup;
			children = (
				470927B226A26C7800B54088 /* TabBarViewController.swift */,
			);
			path = TabBar;
			sourceTree = "<group>";
		};
		470927BC26A28A9E00B54088 /* Resources */ = {
			isa = PBXGroup;
			children = (
				47993E9E267F047400B20455 /* ColorPalette.swift */,
				47D33007269AAB0E00A720D2 /* SizeToken.swift */,
				470927BA26A2897800B54088 /* IconLibrary.swift */,
				47D5274626B4BB4F00768D48 /* AssetCatalog.swift */,
			);
			path = Resources;
			sourceTree = "<group>";
		};
		470927C026A2A39500B54088 /* Cell */ = {
			isa = PBXGroup;
			children = (
				470927C126A2A3A200B54088 /* CellViewModel.swift */,
				470927C726A2ABE100B54088 /* CellProtocol.swift */,
			);
			path = Cell;
			sourceTree = "<group>";
		};
		470927CD26A2B2DE00B54088 /* Section */ = {
			isa = PBXGroup;
			children = (
				470927CB26A2B2D500B54088 /* DAppSection.swift */,
			);
			path = Section;
			sourceTree = "<group>";
		};
		47993E50267EECBE00B20455 = {
			isa = PBXGroup;
			children = (
				47993E5B267EECBE00B20455 /* DeFi Browser */,
				47993E72267EECC900B20455 /* DeFi BrowserTests */,
				47993E5A267EECBE00B20455 /* Products */,
			);
			sourceTree = "<group>";
		};
		47993E5A267EECBE00B20455 /* Products */ = {
			isa = PBXGroup;
			children = (
				47993E59267EECBE00B20455 /* DeFi Browser.app */,
				47993E6F267EECC900B20455 /* DeFi BrowserTests.xctest */,
			);
			name = Products;
			sourceTree = "<group>";
		};
		47993E5B267EECBE00B20455 /* DeFi Browser */ = {
			isa = PBXGroup;
			children = (
				47993E8C267EECD700B20455 /* DeFi Browser.entitlements */,
				47993E8E267EF27D00B20455 /* Resources */,
				47993E8D267EF26F00B20455 /* Source */,
			);
			path = "DeFi Browser";
			sourceTree = "<group>";
		};
		47993E72267EECC900B20455 /* DeFi BrowserTests */ = {
			isa = PBXGroup;
			children = (
				EB65F78726E0582A008F66A6 /* Helper */,
				EB4B9C1926D3A3FF00711A6D /* Resource */,
				47993E75267EECC900B20455 /* Info.plist */,
				EB4B9C1626D3A04200711A6D /* Components */,
				EB4B9C2226D3ABAE00711A6D /* Router */,
				EB65F78B26E06F54008F66A6 /* Coordinator */,
				EB65F78C26E06F66008F66A6 /* Controllers */,
			);
			path = "DeFi BrowserTests";
			sourceTree = "<group>";
		};
		47993E8D267EF26F00B20455 /* Source */ = {
			isa = PBXGroup;
			children = (
				47993E5C267EECBE00B20455 /* AppDelegate.swift */,
				47993E5E267EECBE00B20455 /* SceneDelegate.swift */,
				47D33001269AA0C300A720D2 /* Components */,
				47993E95267EF69900B20455 /* Service */,
				47993E94267EF69100B20455 /* Model */,
				47993E92267EF66200B20455 /* Coordinator */,
				47993E93267EF67200B20455 /* Controllers */,
			);
			path = Source;
			sourceTree = "<group>";
		};
		47993E8E267EF27D00B20455 /* Resources */ = {
			isa = PBXGroup;
			children = (
				47993E65267EECC700B20455 /* Assets.xcassets */,
				47993E67267EECC700B20455 /* LaunchScreen.storyboard */,
				47993E6A267EECC700B20455 /* Info.plist */,
				EB34D9F826CF204000309786 /* Localizable.strings */,
			);
			path = Resources;
			sourceTree = "<group>";
		};
		47993E92267EF66200B20455 /* Coordinator */ = {
			isa = PBXGroup;
			children = (
				47993E96267EF6C300B20455 /* AppCoordinator.swift */,
				EB43C26126CF4A8F003CB957 /* BrowserCoordinator.swift */,
				470927B626A27BAB00B54088 /* HomeCoordinator.swift */,
				470927B826A27BC900B54088 /* HistoryCoordinator.swift */,
				EB34D9FC26CF314900309786 /* Actions */,
			);
			path = Coordinator;
			sourceTree = "<group>";
		};
		47993E93267EF67200B20455 /* Controllers */ = {
			isa = PBXGroup;
			children = (
				EB43C25E26CF3721003CB957 /* Browser */,
				470927B126A26C4F00B54088 /* TabBar */,
				47993E9B267EF8FF00B20455 /* Home */,
				470927B026A26C2B00B54088 /* History */,
			);
			path = Controllers;
			sourceTree = "<group>";
		};
		47993E94267EF69100B20455 /* Model */ = {
			isa = PBXGroup;
			children = (
				470927C326A2A4BC00B54088 /* DefiItem.swift */,
				EBAAFBC726D1B72A00A96503 /* Realm */,
			);
			path = Model;
			sourceTree = "<group>";
		};
		47993E95267EF69900B20455 /* Service */ = {
			isa = PBXGroup;
			children = (
				EB8CE44B26D07FA9005776B1 /* Router */,
				47D5274D26B50A8200768D48 /* DefiService.swift */,
				EBAAFBC326D198F000A96503 /* DatabaseService.swift */,
			);
			path = Service;
			sourceTree = "<group>";
		};
		47993E9B267EF8FF00B20455 /* Home */ = {
			isa = PBXGroup;
			children = (
				470927CD26A2B2DE00B54088 /* Section */,
				47D3304C269AC16500A720D2 /* Cell */,
				47D33004269AA7D100A720D2 /* Header */,
				47993E60267EECBE00B20455 /* HomeViewController.swift */,
				47D33045269AB83D00A720D2 /* HomeViewModel.swift */,
				47993E9C267EFBBC00B20455 /* HomeView.swift */,
			);
			path = Home;
			sourceTree = "<group>";
		};
		47D33001269AA0C300A720D2 /* Components */ = {
			isa = PBXGroup;
			children = (
				EBAAFB7F26D0BFB000A96503 /* Utils */,
				EB34D9F926CF216D00309786 /* Strings */,
				47D5275126B5192E00768D48 /* CollectionView */,
				470927BC26A28A9E00B54088 /* Resources */,
				47D33047269AB9EF00A720D2 /* TableView */,
				47D33002269AA10100A720D2 /* ViewCoding.swift */,
				47D5274826B4BF1300768D48 /* StatefulProtocol.swift */,
			);
			path = Components;
			sourceTree = "<group>";
		};
		47D33004269AA7D100A720D2 /* Header */ = {
			isa = PBXGroup;
			children = (
				47D33005269AA7EF00A720D2 /* HomeSearchHeaderView.swift */,
			);
			path = Header;
			sourceTree = "<group>";
		};
		47D33047269AB9EF00A720D2 /* TableView */ = {
			isa = PBXGroup;
			children = (
				470927C026A2A39500B54088 /* Cell */,
				47D33048269ABA0900A720D2 /* TableViewSectionProtocol.swift */,
				47D3304A269ABCFE00A720D2 /* DataSource.swift */,
			);
			path = TableView;
			sourceTree = "<group>";
		};
		47D3304C269AC16500A720D2 /* Cell */ = {
			isa = PBXGroup;
			children = (
				EBAAFBC926D1C34200A96503 /* Bookmark */,
				EBAAFBC826D1C33400A96503 /* DApp */,
			);
			path = Cell;
			sourceTree = "<group>";
		};
		47D5275126B5192E00768D48 /* CollectionView */ = {
			isa = PBXGroup;
			children = (
				47D5275226B5197200768D48 /* CollectionDataSource.swift */,
				EB7FBB9226DC0EB300AA07F0 /* CollectionViewSection.swift */,
			);
			path = CollectionView;
			sourceTree = "<group>";
		};
		EB34D9F926CF216D00309786 /* Strings */ = {
			isa = PBXGroup;
			children = (
				EB34D9FA26CF217A00309786 /* AppStrings.swift */,
			);
			path = Strings;
			sourceTree = "<group>";
		};
		EB34D9FC26CF314900309786 /* Actions */ = {
			isa = PBXGroup;
			children = (
				EB34D9FE26CF316A00309786 /* HomeAction.swift */,
				EB4B9C1326D387AC00711A6D /* HistoryAction.swift */,
				EBAAFBBC26D0C53A00A96503 /* BrowserAction.swift */,
			);
			path = Actions;
			sourceTree = "<group>";
		};
		EB43C25E26CF3721003CB957 /* Browser */ = {
			isa = PBXGroup;
			children = (
				EB43C25F26CF3737003CB957 /* BrowserViewController.swift */,
				EBAAFB7B26D0A55400A96503 /* BrowserViewModel.swift */,
				EB8CE44726D07C5E005776B1 /* BrowserView.swift */,
				EBAAFB7D26D0A8FD00A96503 /* BrowserWebView.swift */,
			);
			path = Browser;
			sourceTree = "<group>";
		};
		EB4B9C1626D3A04200711A6D /* Components */ = {
			isa = PBXGroup;
			children = (
				EB4B9C1726D3A06E00711A6D /* BrowserHTMLParserTestCase.swift */,
				EB4B9C2026D3AB2600711A6D /* DataSourceTestCase.swift */,
				EB4B9C1E26D3AB1400711A6D /* TableViewSectionTestCase.swift */,
				EB7FBB9026DC0E8700AA07F0 /* CollectionDataSourceTestCase.swift */,
				EB4B9C1C26D3AAED00711A6D /* CollectionViewSectionTestCase.swift */,
			);
			path = Components;
			sourceTree = "<group>";
		};
		EB4B9C1926D3A3FF00711A6D /* Resource */ = {
			isa = PBXGroup;
			children = (
				EB4B9C1A26D3A41100711A6D /* HTMLWebsite.html */,
				EB7FBB8E26DC0C4500AA07F0 /* HTMLWebsiteOpenGraph.html */,
				EBA6FA8D26E3349F0095378E /* DeFiList.json */,
			);
			path = Resource;
			sourceTree = "<group>";
		};
		EB4B9C2226D3ABAE00711A6D /* Router */ = {
			isa = PBXGroup;
			children = (
				EB4B9C2326D3ABC600711A6D /* DefiRouterTestCase.swift */,
			);
			path = Router;
			sourceTree = "<group>";
		};
		EB65F78726E0582A008F66A6 /* Helper */ = {
			isa = PBXGroup;
			children = (
				EB65F78826E05A48008F66A6 /* FakeTableviewSection.swift */,
				EB65F78D26E07057008F66A6 /* FakeDatabaseService.swift */,
				EBA6FA8B26E334170095378E /* FakeDefiService.swift */,
				EB65F79E26E084DE008F66A6 /* FakeCoordinator.swift */,
			);
			path = Helper;
			sourceTree = "<group>";
		};
		EB65F78B26E06F54008F66A6 /* Coordinator */ = {
			isa = PBXGroup;
			children = (
				EB65F78F26E071AA008F66A6 /* BrowserCoordinatorTestCase.swift */,
				EB65F79126E07431008F66A6 /* HomeCoordinatorTestCase.swift */,
				EB65F79326E07440008F66A6 /* HistoryCoordinatorTestCase.swift */,
			);
			path = Coordinator;
			sourceTree = "<group>";
		};
		EB65F78C26E06F66008F66A6 /* Controllers */ = {
			isa = PBXGroup;
			children = (
				EB65F79526E0773A008F66A6 /* Browser */,
				EB65F79626E07755008F66A6 /* Home */,
				EB65F79726E0775C008F66A6 /* History */,
			);
			path = Controllers;
			sourceTree = "<group>";
		};
		EB65F79526E0773A008F66A6 /* Browser */ = {
			isa = PBXGroup;
			children = (
				EB65F79A26E07C44008F66A6 /* BrowserViewTestCase.swift */,
				EB65F79C26E08230008F66A6 /* BrowserViewControllerTestCase.swift */,
				EB65F7A026E08C95008F66A6 /* BrowserViewControllerURLTestCase.swift */,
			);
			path = Browser;
			sourceTree = "<group>";
		};
		EB65F79626E07755008F66A6 /* Home */ = {
			isa = PBXGroup;
			children = (
				EBA6FA8326E330980095378E /* HomeViewTestCase.swift */,
				EBA6FA8726E3322A0095378E /* HomeViewControllerTestCase.swift */,
			);
			path = Home;
			sourceTree = "<group>";
		};
		EB65F79726E0775C008F66A6 /* History */ = {
			isa = PBXGroup;
			children = (
				EBA6FA8526E330AD0095378E /* HistoryViewTestCase.swift */,
				EBA6FA8926E3324B0095378E /* HistoryViewControllerTestCase.swift */,
			);
			path = History;
			sourceTree = "<group>";
		};
		EB8CE44B26D07FA9005776B1 /* Router */ = {
			isa = PBXGroup;
			children = (
				47D5274F26B50BCD00768D48 /* DefiRouter.swift */,
			);
			path = Router;
			sourceTree = "<group>";
		};
		EBAAFB7F26D0BFB000A96503 /* Utils */ = {
			isa = PBXGroup;
			children = (
				EB8CE44926D07F98005776B1 /* BrowserHTMLParser.swift */,
			);
			path = Utils;
			sourceTree = "<group>";
		};
		EBAAFBC726D1B72A00A96503 /* Realm */ = {
			isa = PBXGroup;
			children = (
				EBAAFBC526D1B70800A96503 /* DefiItemDao.swift */,
				EB4B9C0D26D308BD00711A6D /* HistoryItemDao.swift */,
			);
			path = Realm;
			sourceTree = "<group>";
		};
		EBAAFBC826D1C33400A96503 /* DApp */ = {
			isa = PBXGroup;
			children = (
				470927C526A2AA4B00B54088 /* DAppCellView.swift */,
				47D5275426B5241C00768D48 /* DAppCollectionViewCell.swift */,
				470927C926A2B18500B54088 /* DAppCellViewModel.swift */,
			);
			path = DApp;
			sourceTree = "<group>";
		};
		EBAAFBC926D1C34200A96503 /* Bookmark */ = {
			isa = PBXGroup;
			children = (
				EBAAFBCA26D1C36F00A96503 /* BookmarkCellView.swift */,
			);
			path = Bookmark;
			sourceTree = "<group>";
		};
/* End PBXGroup section */

/* Begin PBXNativeTarget section */
		47993E58267EECBE00B20455 /* DeFi Browser */ = {
			isa = PBXNativeTarget;
			buildConfigurationList = 47993E83267EECC900B20455 /* Build configuration list for PBXNativeTarget "DeFi Browser" */;
			buildPhases = (
				47993E55267EECBE00B20455 /* Sources */,
				47993E56267EECBE00B20455 /* Frameworks */,
				47993E57267EECBE00B20455 /* Resources */,
			);
			buildRules = (
			);
			dependencies = (
			);
			name = "DeFi Browser";
			packageProductDependencies = (
				47993E90267EF65600B20455 /* CoordinatorKit */,
				47993E99267EF8F000B20455 /* SnapKit */,
				470927BE26A2A0E600B54088 /* Reusable */,
				47D5274426B4B8E000768D48 /* PKHUD */,
				4704D41826C0DAE000E4A6F0 /* SimpleNetwork */,
				4704D41B26C0EFF500E4A6F0 /* Kingfisher */,
				EB8CE44D26D08172005776B1 /* SwiftSoup */,
				EBAAFBBF26D197DA00A96503 /* RealmSwift */,
				EBAAFBC126D197DA00A96503 /* Realm */,
			);
			productName = "DeFi Browser";
			productReference = 47993E59267EECBE00B20455 /* DeFi Browser.app */;
			productType = "com.apple.product-type.application";
		};
		47993E6E267EECC900B20455 /* DeFi BrowserTests */ = {
			isa = PBXNativeTarget;
			buildConfigurationList = 47993E86267EECC900B20455 /* Build configuration list for PBXNativeTarget "DeFi BrowserTests" */;
			buildPhases = (
				47993E6B267EECC900B20455 /* Sources */,
				47993E6C267EECC900B20455 /* Frameworks */,
				47993E6D267EECC900B20455 /* Resources */,
			);
			buildRules = (
			);
			dependencies = (
				47993E71267EECC900B20455 /* PBXTargetDependency */,
			);
			name = "DeFi BrowserTests";
			productName = "DeFi BrowserTests";
			productReference = 47993E6F267EECC900B20455 /* DeFi BrowserTests.xctest */;
			productType = "com.apple.product-type.bundle.unit-test";
		};
/* End PBXNativeTarget section */

/* Begin PBXProject section */
		47993E51267EECBE00B20455 /* Project object */ = {
			isa = PBXProject;
			attributes = {
				LastSwiftUpdateCheck = 1250;
				LastUpgradeCheck = 1250;
				TargetAttributes = {
					47993E58267EECBE00B20455 = {
						CreatedOnToolsVersion = 12.5;
					};
					47993E6E267EECC900B20455 = {
						CreatedOnToolsVersion = 12.5;
						LastSwiftMigration = 1250;
						TestTargetID = 47993E58267EECBE00B20455;
					};
				};
			};
			buildConfigurationList = 47993E54267EECBE00B20455 /* Build configuration list for PBXProject "DeFi Browser" */;
			compatibilityVersion = "Xcode 9.3";
			developmentRegion = en;
			hasScannedForEncodings = 0;
			knownRegions = (
				en,
				Base,
			);
			mainGroup = 47993E50267EECBE00B20455;
			packageReferences = (
				47993E8F267EF65600B20455 /* XCRemoteSwiftPackageReference "CoordinatorKit" */,
				47993E98267EF8F000B20455 /* XCRemoteSwiftPackageReference "SnapKit" */,
				470927BD26A2A0E600B54088 /* XCRemoteSwiftPackageReference "Reusable" */,
				47D5274326B4B8E000768D48 /* XCRemoteSwiftPackageReference "PKHUD" */,
				4704D41726C0DAE000E4A6F0 /* XCRemoteSwiftPackageReference "SimpleNetwork" */,
				4704D41A26C0EFF500E4A6F0 /* XCRemoteSwiftPackageReference "Kingfisher" */,
				EB8CE44C26D08172005776B1 /* XCRemoteSwiftPackageReference "SwiftSoup" */,
				EBAAFBBE26D197D900A96503 /* XCRemoteSwiftPackageReference "realm-cocoa" */,
			);
			productRefGroup = 47993E5A267EECBE00B20455 /* Products */;
			projectDirPath = "";
			projectRoot = "";
			targets = (
				47993E58267EECBE00B20455 /* DeFi Browser */,
				47993E6E267EECC900B20455 /* DeFi BrowserTests */,
			);
		};
/* End PBXProject section */

/* Begin PBXResourcesBuildPhase section */
		47993E57267EECBE00B20455 /* Resources */ = {
			isa = PBXResourcesBuildPhase;
			buildActionMask = 2147483647;
			files = (
				47993E69267EECC700B20455 /* LaunchScreen.storyboard in Resources */,
				EB34D9F626CF204000309786 /* Localizable.strings in Resources */,
				47993E66267EECC700B20455 /* Assets.xcassets in Resources */,
			);
			runOnlyForDeploymentPostprocessing = 0;
		};
		47993E6D267EECC900B20455 /* Resources */ = {
			isa = PBXResourcesBuildPhase;
			buildActionMask = 2147483647;
			files = (
				EB7FBB8F26DC0C4500AA07F0 /* HTMLWebsiteOpenGraph.html in Resources */,
				EB4B9C1B26D3A41100711A6D /* HTMLWebsite.html in Resources */,
				EBA6FA8E26E3349F0095378E /* DeFiList.json in Resources */,
			);
			runOnlyForDeploymentPostprocessing = 0;
		};
/* End PBXResourcesBuildPhase section */

/* Begin PBXSourcesBuildPhase section */
		47993E55267EECBE00B20455 /* Sources */ = {
			isa = PBXSourcesBuildPhase;
			buildActionMask = 2147483647;
			files = (
				47D33006269AA7EF00A720D2 /* HomeSearchHeaderView.swift in Sources */,
				47993E97267EF6C300B20455 /* AppCoordinator.swift in Sources */,
				EB8CE44A26D07F98005776B1 /* BrowserHTMLParser.swift in Sources */,
				470927C426A2A4BC00B54088 /* DefiItem.swift in Sources */,
				470927B726A27BAB00B54088 /* HomeCoordinator.swift in Sources */,
				EB4B9C1226D3756F00711A6D /* HistoryView.swift in Sources */,
				EBAAFB7C26D0A55400A96503 /* BrowserViewModel.swift in Sources */,
				EBAAFBBD26D0C53A00A96503 /* BrowserAction.swift in Sources */,
				47993E61267EECBE00B20455 /* HomeViewController.swift in Sources */,
				470927C226A2A3A200B54088 /* CellViewModel.swift in Sources */,
				EBAAFBC426D198F000A96503 /* DatabaseService.swift in Sources */,
				47D33046269AB83D00A720D2 /* HomeViewModel.swift in Sources */,
				EB8CE44826D07C5E005776B1 /* BrowserView.swift in Sources */,
				47D33008269AAB0E00A720D2 /* SizeToken.swift in Sources */,
				47D5274726B4BB4F00768D48 /* AssetCatalog.swift in Sources */,
				EB4B9C1026D3756700711A6D /* HistoryViewModel.swift in Sources */,
				47D5275326B5197200768D48 /* CollectionDataSource.swift in Sources */,
				EB43C26026CF3737003CB957 /* BrowserViewController.swift in Sources */,
				47D5275526B5241C00768D48 /* DAppCollectionViewCell.swift in Sources */,
				470927BB26A2897800B54088 /* IconLibrary.swift in Sources */,
				470927CA26A2B18500B54088 /* DAppCellViewModel.swift in Sources */,
				EBAAFBCB26D1C36F00A96503 /* BookmarkCellView.swift in Sources */,
				EB4B9C0E26D308BD00711A6D /* HistoryItemDao.swift in Sources */,
				47993E5D267EECBE00B20455 /* AppDelegate.swift in Sources */,
				47D5274926B4BF1300768D48 /* StatefulProtocol.swift in Sources */,
				470927C826A2ABE100B54088 /* CellProtocol.swift in Sources */,
				47D3304B269ABCFE00A720D2 /* DataSource.swift in Sources */,
				47993E9D267EFBBC00B20455 /* HomeView.swift in Sources */,
				470927B926A27BC900B54088 /* HistoryCoordinator.swift in Sources */,
				EB4B9C1426D387AC00711A6D /* HistoryAction.swift in Sources */,
				470927CC26A2B2D500B54088 /* DAppSection.swift in Sources */,
				47D33003269AA10100A720D2 /* ViewCoding.swift in Sources */,
				470927B526A27AD500B54088 /* HistoryViewController.swift in Sources */,
				EB34D9FB26CF217A00309786 /* AppStrings.swift in Sources */,
				47993E5F267EECBE00B20455 /* SceneDelegate.swift in Sources */,
				470927B326A26C7800B54088 /* TabBarViewController.swift in Sources */,
				EBAAFBC626D1B70800A96503 /* DefiItemDao.swift in Sources */,
				EBAAFB7E26D0A8FD00A96503 /* BrowserWebView.swift in Sources */,
				470927C626A2AA4B00B54088 /* DAppCellView.swift in Sources */,
				47D5275026B50BCD00768D48 /* DefiRouter.swift in Sources */,
				EB43C26226CF4A8F003CB957 /* BrowserCoordinator.swift in Sources */,
				47993E9F267F047400B20455 /* ColorPalette.swift in Sources */,
				EB7FBB9326DC0EB300AA07F0 /* CollectionViewSection.swift in Sources */,
				47D5274E26B50A8200768D48 /* DefiService.swift in Sources */,
				EB34D9FF26CF316A00309786 /* HomeAction.swift in Sources */,
				47D33049269ABA0900A720D2 /* TableViewSectionProtocol.swift in Sources */,
			);
			runOnlyForDeploymentPostprocessing = 0;
		};
		47993E6B267EECC900B20455 /* Sources */ = {
			isa = PBXSourcesBuildPhase;
			buildActionMask = 2147483647;
			files = (
				EB65F79026E071AA008F66A6 /* BrowserCoordinatorTestCase.swift in Sources */,
				EBA6FA8426E330980095378E /* HomeViewTestCase.swift in Sources */,
				EB65F79D26E08230008F66A6 /* BrowserViewControllerTestCase.swift in Sources */,
				EB7FBB9126DC0E8700AA07F0 /* CollectionDataSourceTestCase.swift in Sources */,
				EBA6FA8C26E334170095378E /* FakeDefiService.swift in Sources */,
				EB65F78E26E07057008F66A6 /* FakeDatabaseService.swift in Sources */,
				EBA6FA8A26E3324B0095378E /* HistoryViewControllerTestCase.swift in Sources */,
				EB65F79426E07440008F66A6 /* HistoryCoordinatorTestCase.swift in Sources */,
				EB65F79F26E084DE008F66A6 /* FakeCoordinator.swift in Sources */,
				EB4B9C2426D3ABC600711A6D /* DefiRouterTestCase.swift in Sources */,
				EBA6FA8626E330AD0095378E /* HistoryViewTestCase.swift in Sources */,
				EB4B9C1F26D3AB1400711A6D /* TableViewSectionTestCase.swift in Sources */,
				EB4B9C1D26D3AAED00711A6D /* CollectionViewSectionTestCase.swift in Sources */,
				EB65F79B26E07C44008F66A6 /* BrowserViewTestCase.swift in Sources */,
				EB65F7A126E08C95008F66A6 /* BrowserViewControllerURLTestCase.swift in Sources */,
				EB65F78926E05A48008F66A6 /* FakeTableviewSection.swift in Sources */,
				EB4B9C2126D3AB2600711A6D /* DataSourceTestCase.swift in Sources */,
				EB4B9C1826D3A06E00711A6D /* BrowserHTMLParserTestCase.swift in Sources */,
				EBA6FA8826E3322A0095378E /* HomeViewControllerTestCase.swift in Sources */,
				EB65F79226E07431008F66A6 /* HomeCoordinatorTestCase.swift in Sources */,
			);
			runOnlyForDeploymentPostprocessing = 0;
		};
/* End PBXSourcesBuildPhase section */

/* Begin PBXTargetDependency section */
		47993E71267EECC900B20455 /* PBXTargetDependency */ = {
			isa = PBXTargetDependency;
			target = 47993E58267EECBE00B20455 /* DeFi Browser */;
			targetProxy = 47993E70267EECC900B20455 /* PBXContainerItemProxy */;
		};
/* End PBXTargetDependency section */

/* Begin PBXVariantGroup section */
		47993E67267EECC700B20455 /* LaunchScreen.storyboard */ = {
			isa = PBXVariantGroup;
			children = (
				47993E68267EECC700B20455 /* Base */,
			);
			name = LaunchScreen.storyboard;
			sourceTree = "<group>";
		};
		EB34D9F826CF204000309786 /* Localizable.strings */ = {
			isa = PBXVariantGroup;
			children = (
				EB34D9F726CF204000309786 /* en */,
			);
			name = Localizable.strings;
			sourceTree = "<group>";
		};
/* End PBXVariantGroup section */

/* Begin XCBuildConfiguration section */
		47993E81267EECC900B20455 /* Debug */ = {
			isa = XCBuildConfiguration;
			buildSettings = {
				ALWAYS_SEARCH_USER_PATHS = NO;
				CLANG_ANALYZER_NONNULL = YES;
				CLANG_ANALYZER_NUMBER_OBJECT_CONVERSION = YES_AGGRESSIVE;
				CLANG_CXX_LANGUAGE_STANDARD = "gnu++14";
				CLANG_CXX_LIBRARY = "libc++";
				CLANG_ENABLE_MODULES = YES;
				CLANG_ENABLE_OBJC_ARC = YES;
				CLANG_ENABLE_OBJC_WEAK = YES;
				CLANG_WARN_BLOCK_CAPTURE_AUTORELEASING = YES;
				CLANG_WARN_BOOL_CONVERSION = YES;
				CLANG_WARN_COMMA = YES;
				CLANG_WARN_CONSTANT_CONVERSION = YES;
				CLANG_WARN_DEPRECATED_OBJC_IMPLEMENTATIONS = YES;
				CLANG_WARN_DIRECT_OBJC_ISA_USAGE = YES_ERROR;
				CLANG_WARN_DOCUMENTATION_COMMENTS = YES;
				CLANG_WARN_EMPTY_BODY = YES;
				CLANG_WARN_ENUM_CONVERSION = YES;
				CLANG_WARN_INFINITE_RECURSION = YES;
				CLANG_WARN_INT_CONVERSION = YES;
				CLANG_WARN_NON_LITERAL_NULL_CONVERSION = YES;
				CLANG_WARN_OBJC_IMPLICIT_RETAIN_SELF = YES;
				CLANG_WARN_OBJC_LITERAL_CONVERSION = YES;
				CLANG_WARN_OBJC_ROOT_CLASS = YES_ERROR;
				CLANG_WARN_QUOTED_INCLUDE_IN_FRAMEWORK_HEADER = YES;
				CLANG_WARN_RANGE_LOOP_ANALYSIS = YES;
				CLANG_WARN_STRICT_PROTOTYPES = YES;
				CLANG_WARN_SUSPICIOUS_MOVE = YES;
				CLANG_WARN_UNGUARDED_AVAILABILITY = YES_AGGRESSIVE;
				CLANG_WARN_UNREACHABLE_CODE = YES;
				CLANG_WARN__DUPLICATE_METHOD_MATCH = YES;
				COPY_PHASE_STRIP = NO;
				DEBUG_INFORMATION_FORMAT = dwarf;
				ENABLE_STRICT_OBJC_MSGSEND = YES;
				ENABLE_TESTABILITY = YES;
				GCC_C_LANGUAGE_STANDARD = gnu11;
				GCC_DYNAMIC_NO_PIC = NO;
				GCC_NO_COMMON_BLOCKS = YES;
				GCC_OPTIMIZATION_LEVEL = 0;
				GCC_PREPROCESSOR_DEFINITIONS = (
					"DEBUG=1",
					"$(inherited)",
				);
				GCC_WARN_64_TO_32_BIT_CONVERSION = YES;
				GCC_WARN_ABOUT_RETURN_TYPE = YES_ERROR;
				GCC_WARN_UNDECLARED_SELECTOR = YES;
				GCC_WARN_UNINITIALIZED_AUTOS = YES_AGGRESSIVE;
				GCC_WARN_UNUSED_FUNCTION = YES;
				GCC_WARN_UNUSED_VARIABLE = YES;
				IPHONEOS_DEPLOYMENT_TARGET = 14.5;
				MTL_ENABLE_DEBUG_INFO = INCLUDE_SOURCE;
				MTL_FAST_MATH = YES;
				ONLY_ACTIVE_ARCH = YES;
				SDKROOT = iphoneos;
				SWIFT_ACTIVE_COMPILATION_CONDITIONS = DEBUG;
				SWIFT_OPTIMIZATION_LEVEL = "-Onone";
			};
			name = Debug;
		};
		47993E82267EECC900B20455 /* Release */ = {
			isa = XCBuildConfiguration;
			buildSettings = {
				ALWAYS_SEARCH_USER_PATHS = NO;
				CLANG_ANALYZER_NONNULL = YES;
				CLANG_ANALYZER_NUMBER_OBJECT_CONVERSION = YES_AGGRESSIVE;
				CLANG_CXX_LANGUAGE_STANDARD = "gnu++14";
				CLANG_CXX_LIBRARY = "libc++";
				CLANG_ENABLE_MODULES = YES;
				CLANG_ENABLE_OBJC_ARC = YES;
				CLANG_ENABLE_OBJC_WEAK = YES;
				CLANG_WARN_BLOCK_CAPTURE_AUTORELEASING = YES;
				CLANG_WARN_BOOL_CONVERSION = YES;
				CLANG_WARN_COMMA = YES;
				CLANG_WARN_CONSTANT_CONVERSION = YES;
				CLANG_WARN_DEPRECATED_OBJC_IMPLEMENTATIONS = YES;
				CLANG_WARN_DIRECT_OBJC_ISA_USAGE = YES_ERROR;
				CLANG_WARN_DOCUMENTATION_COMMENTS = YES;
				CLANG_WARN_EMPTY_BODY = YES;
				CLANG_WARN_ENUM_CONVERSION = YES;
				CLANG_WARN_INFINITE_RECURSION = YES;
				CLANG_WARN_INT_CONVERSION = YES;
				CLANG_WARN_NON_LITERAL_NULL_CONVERSION = YES;
				CLANG_WARN_OBJC_IMPLICIT_RETAIN_SELF = YES;
				CLANG_WARN_OBJC_LITERAL_CONVERSION = YES;
				CLANG_WARN_OBJC_ROOT_CLASS = YES_ERROR;
				CLANG_WARN_QUOTED_INCLUDE_IN_FRAMEWORK_HEADER = YES;
				CLANG_WARN_RANGE_LOOP_ANALYSIS = YES;
				CLANG_WARN_STRICT_PROTOTYPES = YES;
				CLANG_WARN_SUSPICIOUS_MOVE = YES;
				CLANG_WARN_UNGUARDED_AVAILABILITY = YES_AGGRESSIVE;
				CLANG_WARN_UNREACHABLE_CODE = YES;
				CLANG_WARN__DUPLICATE_METHOD_MATCH = YES;
				COPY_PHASE_STRIP = NO;
				DEBUG_INFORMATION_FORMAT = "dwarf-with-dsym";
				ENABLE_NS_ASSERTIONS = NO;
				ENABLE_STRICT_OBJC_MSGSEND = YES;
				GCC_C_LANGUAGE_STANDARD = gnu11;
				GCC_NO_COMMON_BLOCKS = YES;
				GCC_WARN_64_TO_32_BIT_CONVERSION = YES;
				GCC_WARN_ABOUT_RETURN_TYPE = YES_ERROR;
				GCC_WARN_UNDECLARED_SELECTOR = YES;
				GCC_WARN_UNINITIALIZED_AUTOS = YES_AGGRESSIVE;
				GCC_WARN_UNUSED_FUNCTION = YES;
				GCC_WARN_UNUSED_VARIABLE = YES;
				IPHONEOS_DEPLOYMENT_TARGET = 14.5;
				MTL_ENABLE_DEBUG_INFO = NO;
				MTL_FAST_MATH = YES;
				SDKROOT = iphoneos;
				SWIFT_COMPILATION_MODE = wholemodule;
				SWIFT_OPTIMIZATION_LEVEL = "-O";
				VALIDATE_PRODUCT = YES;
			};
			name = Release;
		};
		47993E84267EECC900B20455 /* Debug */ = {
			isa = XCBuildConfiguration;
			buildSettings = {
				ASSETCATALOG_COMPILER_APPICON_NAME = AppIcon;
				ASSETCATALOG_COMPILER_GLOBAL_ACCENT_COLOR_NAME = AccentColor;
				CODE_SIGN_ENTITLEMENTS = "DeFi Browser/DeFi Browser.entitlements";
				CODE_SIGN_STYLE = Automatic;
				DEVELOPMENT_TEAM = VY9L7K3A35;
				INFOPLIST_FILE = "DeFi Browser/Info.plist";
				IPHONEOS_DEPLOYMENT_TARGET = 13.0;
				"IPHONEOS_DEPLOYMENT_TARGET[sdk=macosx*]" = 14.2;
				LD_RUNPATH_SEARCH_PATHS = (
					"$(inherited)",
					"@executable_path/Frameworks",
				);
				MARKETING_VERSION = 1.0.2;
				PRODUCT_BUNDLE_IDENTIFIER = "DanielLimaDF.DeFi-Browser";
				PRODUCT_NAME = "$(TARGET_NAME)";
				SUPPORTS_MACCATALYST = YES;
				SUPPORTS_MAC_DESIGNED_FOR_IPHONE_IPAD = YES;
				SWIFT_VERSION = 5.0;
				TARGETED_DEVICE_FAMILY = "1,2,6";
			};
			name = Debug;
		};
		47993E85267EECC900B20455 /* Release */ = {
			isa = XCBuildConfiguration;
			buildSettings = {
				ASSETCATALOG_COMPILER_APPICON_NAME = AppIcon;
				ASSETCATALOG_COMPILER_GLOBAL_ACCENT_COLOR_NAME = AccentColor;
				CODE_SIGN_ENTITLEMENTS = "DeFi Browser/DeFi Browser.entitlements";
				CODE_SIGN_STYLE = Automatic;
				DEVELOPMENT_TEAM = VY9L7K3A35;
				INFOPLIST_FILE = "DeFi Browser/Info.plist";
				IPHONEOS_DEPLOYMENT_TARGET = 13.0;
				"IPHONEOS_DEPLOYMENT_TARGET[sdk=macosx*]" = 14.2;
				LD_RUNPATH_SEARCH_PATHS = (
					"$(inherited)",
					"@executable_path/Frameworks",
				);
				MARKETING_VERSION = 1.0.2;
				PRODUCT_BUNDLE_IDENTIFIER = "DanielLimaDF.DeFi-Browser";
				PRODUCT_NAME = "$(TARGET_NAME)";
				SUPPORTS_MACCATALYST = YES;
				SUPPORTS_MAC_DESIGNED_FOR_IPHONE_IPAD = YES;
				SWIFT_VERSION = 5.0;
				TARGETED_DEVICE_FAMILY = "1,2,6";
			};
			name = Release;
		};
		47993E87267EECC900B20455 /* Debug */ = {
			isa = XCBuildConfiguration;
			buildSettings = {
				ALWAYS_EMBED_SWIFT_STANDARD_LIBRARIES = YES;
				BUNDLE_LOADER = "$(TEST_HOST)";
				CLANG_ENABLE_MODULES = YES;
				CODE_SIGN_STYLE = Automatic;
				DEVELOPMENT_TEAM = VY9L7K3A35;
				INFOPLIST_FILE = "DeFi BrowserTests/Info.plist";
				IPHONEOS_DEPLOYMENT_TARGET = 14.5;
				LD_RUNPATH_SEARCH_PATHS = (
					"$(inherited)",
					"@executable_path/Frameworks",
					"@loader_path/Frameworks",
				);
				PRODUCT_BUNDLE_IDENTIFIER = "DanielLimaDF.DeFi-BrowserTests";
				PRODUCT_NAME = "$(TARGET_NAME)";
				SWIFT_OPTIMIZATION_LEVEL = "-Onone";
				SWIFT_VERSION = 5.0;
				TARGETED_DEVICE_FAMILY = "1,2";
				TEST_HOST = "$(BUILT_PRODUCTS_DIR)/DeFi Browser.app/DeFi Browser";
			};
			name = Debug;
		};
		47993E88267EECC900B20455 /* Release */ = {
			isa = XCBuildConfiguration;
			buildSettings = {
				ALWAYS_EMBED_SWIFT_STANDARD_LIBRARIES = YES;
				BUNDLE_LOADER = "$(TEST_HOST)";
				CLANG_ENABLE_MODULES = YES;
				CODE_SIGN_STYLE = Automatic;
				DEVELOPMENT_TEAM = VY9L7K3A35;
				INFOPLIST_FILE = "DeFi BrowserTests/Info.plist";
				IPHONEOS_DEPLOYMENT_TARGET = 14.5;
				LD_RUNPATH_SEARCH_PATHS = (
					"$(inherited)",
					"@executable_path/Frameworks",
					"@loader_path/Frameworks",
				);
				PRODUCT_BUNDLE_IDENTIFIER = "DanielLimaDF.DeFi-BrowserTests";
				PRODUCT_NAME = "$(TARGET_NAME)";
				SWIFT_VERSION = 5.0;
				TARGETED_DEVICE_FAMILY = "1,2";
				TEST_HOST = "$(BUILT_PRODUCTS_DIR)/DeFi Browser.app/DeFi Browser";
			};
			name = Release;
		};
/* End XCBuildConfiguration section */

/* Begin XCConfigurationList section */
		47993E54267EECBE00B20455 /* Build configuration list for PBXProject "DeFi Browser" */ = {
			isa = XCConfigurationList;
			buildConfigurations = (
				47993E81267EECC900B20455 /* Debug */,
				47993E82267EECC900B20455 /* Release */,
			);
			defaultConfigurationIsVisible = 0;
			defaultConfigurationName = Release;
		};
		47993E83267EECC900B20455 /* Build configuration list for PBXNativeTarget "DeFi Browser" */ = {
			isa = XCConfigurationList;
			buildConfigurations = (
				47993E84267EECC900B20455 /* Debug */,
				47993E85267EECC900B20455 /* Release */,
			);
			defaultConfigurationIsVisible = 0;
			defaultConfigurationName = Release;
		};
		47993E86267EECC900B20455 /* Build configuration list for PBXNativeTarget "DeFi BrowserTests" */ = {
			isa = XCConfigurationList;
			buildConfigurations = (
				47993E87267EECC900B20455 /* Debug */,
				47993E88267EECC900B20455 /* Release */,
			);
			defaultConfigurationIsVisible = 0;
			defaultConfigurationName = Release;
		};
/* End XCConfigurationList section */

/* Begin XCRemoteSwiftPackageReference section */
		4704D41726C0DAE000E4A6F0 /* XCRemoteSwiftPackageReference "SimpleNetwork" */ = {
			isa = XCRemoteSwiftPackageReference;
			repositoryURL = "https://github.com/DanielLimaDF/SimpleNetwork";
			requirement = {
				kind = upToNextMajorVersion;
				minimumVersion = 0.0.2;
			};
		};
		4704D41A26C0EFF500E4A6F0 /* XCRemoteSwiftPackageReference "Kingfisher" */ = {
			isa = XCRemoteSwiftPackageReference;
			repositoryURL = "https://github.com/onevcat/Kingfisher";
			requirement = {
				kind = upToNextMajorVersion;
				minimumVersion = 6.3.1;
			};
		};
		470927BD26A2A0E600B54088 /* XCRemoteSwiftPackageReference "Reusable" */ = {
			isa = XCRemoteSwiftPackageReference;
			repositoryURL = "https://github.com/AliSoftware/Reusable";
			requirement = {
				kind = upToNextMajorVersion;
				minimumVersion = 4.1.1;
			};
		};
		47993E8F267EF65600B20455 /* XCRemoteSwiftPackageReference "CoordinatorKit" */ = {
			isa = XCRemoteSwiftPackageReference;
			repositoryURL = "https://github.com/bfernandesbfs/CoordinatorKit";
			requirement = {
				branch = master;
				kind = branch;
			};
		};
		47993E98267EF8F000B20455 /* XCRemoteSwiftPackageReference "SnapKit" */ = {
			isa = XCRemoteSwiftPackageReference;
			repositoryURL = "https://github.com/SnapKit/SnapKit";
			requirement = {
				kind = upToNextMajorVersion;
				minimumVersion = 5.0.1;
			};
		};
		47D5274326B4B8E000768D48 /* XCRemoteSwiftPackageReference "PKHUD" */ = {
			isa = XCRemoteSwiftPackageReference;
			repositoryURL = "https://github.com/pkluz/PKHUD";
			requirement = {
				kind = upToNextMajorVersion;
				minimumVersion = 5.4.0;
			};
		};
		EB8CE44C26D08172005776B1 /* XCRemoteSwiftPackageReference "SwiftSoup" */ = {
			isa = XCRemoteSwiftPackageReference;
			repositoryURL = "https://github.com/scinfu/SwiftSoup.git";
			requirement = {
				kind = upToNextMajorVersion;
				minimumVersion = 2.3.2;
			};
		};
		EBAAFBBE26D197D900A96503 /* XCRemoteSwiftPackageReference "realm-cocoa" */ = {
			isa = XCRemoteSwiftPackageReference;
			repositoryURL = "https://github.com/realm/realm-cocoa.git";
			requirement = {
				kind = upToNextMajorVersion;
				minimumVersion = 10.12.0;
			};
		};
/* End XCRemoteSwiftPackageReference section */

/* Begin XCSwiftPackageProductDependency section */
		4704D41826C0DAE000E4A6F0 /* SimpleNetwork */ = {
			isa = XCSwiftPackageProductDependency;
			package = 4704D41726C0DAE000E4A6F0 /* XCRemoteSwiftPackageReference "SimpleNetwork" */;
			productName = SimpleNetwork;
		};
		4704D41B26C0EFF500E4A6F0 /* Kingfisher */ = {
			isa = XCSwiftPackageProductDependency;
			package = 4704D41A26C0EFF500E4A6F0 /* XCRemoteSwiftPackageReference "Kingfisher" */;
			productName = Kingfisher;
		};
		470927BE26A2A0E600B54088 /* Reusable */ = {
			isa = XCSwiftPackageProductDependency;
			package = 470927BD26A2A0E600B54088 /* XCRemoteSwiftPackageReference "Reusable" */;
			productName = Reusable;
		};
		47993E90267EF65600B20455 /* CoordinatorKit */ = {
			isa = XCSwiftPackageProductDependency;
			package = 47993E8F267EF65600B20455 /* XCRemoteSwiftPackageReference "CoordinatorKit" */;
			productName = CoordinatorKit;
		};
		47993E99267EF8F000B20455 /* SnapKit */ = {
			isa = XCSwiftPackageProductDependency;
			package = 47993E98267EF8F000B20455 /* XCRemoteSwiftPackageReference "SnapKit" */;
			productName = SnapKit;
		};
		47D5274426B4B8E000768D48 /* PKHUD */ = {
			isa = XCSwiftPackageProductDependency;
			package = 47D5274326B4B8E000768D48 /* XCRemoteSwiftPackageReference "PKHUD" */;
			productName = PKHUD;
		};
		EB8CE44D26D08172005776B1 /* SwiftSoup */ = {
			isa = XCSwiftPackageProductDependency;
			package = EB8CE44C26D08172005776B1 /* XCRemoteSwiftPackageReference "SwiftSoup" */;
			productName = SwiftSoup;
		};
		EBAAFBBF26D197DA00A96503 /* RealmSwift */ = {
			isa = XCSwiftPackageProductDependency;
			package = EBAAFBBE26D197D900A96503 /* XCRemoteSwiftPackageReference "realm-cocoa" */;
			productName = RealmSwift;
		};
		EBAAFBC126D197DA00A96503 /* Realm */ = {
			isa = XCSwiftPackageProductDependency;
			package = EBAAFBBE26D197D900A96503 /* XCRemoteSwiftPackageReference "realm-cocoa" */;
			productName = Realm;
		};
/* End XCSwiftPackageProductDependency section */
	};
	rootObject = 47993E51267EECBE00B20455 /* Project object */;
}
