// !$*UTF8*$!
{
	archiveVersion = 1;
	classes = {
	};
	objectVersion = 50;
	objects = {

/* Begin PBXBuildFile section */
		47993E5D267EECBE00B20455 /* AppDelegate.swift in Sources */ = {isa = PBXBuildFile; fileRef = 47993E5C267EECBE00B20455 /* AppDelegate.swift */; };
		47993E5F267EECBE00B20455 /* SceneDelegate.swift in Sources */ = {isa = PBXBuildFile; fileRef = 47993E5E267EECBE00B20455 /* SceneDelegate.swift */; };
		47993E61267EECBE00B20455 /* ViewController.swift in Sources */ = {isa = PBXBuildFile; fileRef = 47993E60267EECBE00B20455 /* ViewController.swift */; };
		47993E64267EECBE00B20455 /* Main.storyboard in Resources */ = {isa = PBXBuildFile; fileRef = 47993E62267EECBE00B20455 /* Main.storyboard */; };
		47993E66267EECC700B20455 /* Assets.xcassets in Resources */ = {isa = PBXBuildFile; fileRef = 47993E65267EECC700B20455 /* Assets.xcassets */; };
		47993E69267EECC700B20455 /* LaunchScreen.storyboard in Resources */ = {isa = PBXBuildFile; fileRef = 47993E67267EECC700B20455 /* LaunchScreen.storyboard */; };
		47993E74267EECC900B20455 /* DeFi_BrowserTests.swift in Sources */ = {isa = PBXBuildFile; fileRef = 47993E73267EECC900B20455 /* DeFi_BrowserTests.swift */; };
		47993E7F267EECC900B20455 /* DeFi_BrowserUITests.swift in Sources */ = {isa = PBXBuildFile; fileRef = 47993E7E267EECC900B20455 /* DeFi_BrowserUITests.swift */; };
/* End PBXBuildFile section */

/* Begin PBXContainerItemProxy section */
		47993E70267EECC900B20455 /* PBXContainerItemProxy */ = {
			isa = PBXContainerItemProxy;
			containerPortal = 47993E51267EECBE00B20455 /* Project object */;
			proxyType = 1;
			remoteGlobalIDString = 47993E58267EECBE00B20455;
			remoteInfo = "DeFi Browser";
		};
		47993E7B267EECC900B20455 /* PBXContainerItemProxy */ = {
			isa = PBXContainerItemProxy;
			containerPortal = 47993E51267EECBE00B20455 /* Project object */;
			proxyType = 1;
			remoteGlobalIDString = 47993E58267EECBE00B20455;
			remoteInfo = "DeFi Browser";
		};
/* End PBXContainerItemProxy section */

/* Begin PBXFileReference section */
		47993E59267EECBE00B20455 /* DeFi Browser.app */ = {isa = PBXFileReference; explicitFileType = wrapper.application; includeInIndex = 0; path = "DeFi Browser.app"; sourceTree = BUILT_PRODUCTS_DIR; };
		47993E5C267EECBE00B20455 /* AppDelegate.swift */ = {isa = PBXFileReference; lastKnownFileType = sourcecode.swift; path = AppDelegate.swift; sourceTree = "<group>"; };
		47993E5E267EECBE00B20455 /* SceneDelegate.swift */ = {isa = PBXFileReference; lastKnownFileType = sourcecode.swift; path = SceneDelegate.swift; sourceTree = "<group>"; };
		47993E60267EECBE00B20455 /* ViewController.swift */ = {isa = PBXFileReference; lastKnownFileType = sourcecode.swift; path = ViewController.swift; sourceTree = "<group>"; };
		47993E63267EECBE00B20455 /* Base */ = {isa = PBXFileReference; lastKnownFileType = file.storyboard; name = Base; path = Base.lproj/Main.storyboard; sourceTree = "<group>"; };
		47993E65267EECC700B20455 /* Assets.xcassets */ = {isa = PBXFileReference; lastKnownFileType = folder.assetcatalog; path = Assets.xcassets; sourceTree = "<group>"; };
		47993E68267EECC700B20455 /* Base */ = {isa = PBXFileReference; lastKnownFileType = file.storyboard; name = Base; path = Base.lproj/LaunchScreen.storyboard; sourceTree = "<group>"; };
		47993E6A267EECC700B20455 /* Info.plist */ = {isa = PBXFileReference; lastKnownFileType = text.plist.xml; path = Info.plist; sourceTree = "<group>"; };
		47993E6F267EECC900B20455 /* DeFi BrowserTests.xctest */ = {isa = PBXFileReference; explicitFileType = wrapper.cfbundle; includeInIndex = 0; path = "DeFi BrowserTests.xctest"; sourceTree = BUILT_PRODUCTS_DIR; };
		47993E73267EECC900B20455 /* DeFi_BrowserTests.swift */ = {isa = PBXFileReference; lastKnownFileType = sourcecode.swift; path = DeFi_BrowserTests.swift; sourceTree = "<group>"; };
		47993E75267EECC900B20455 /* Info.plist */ = {isa = PBXFileReference; lastKnownFileType = text.plist.xml; path = Info.plist; sourceTree = "<group>"; };
		47993E7A267EECC900B20455 /* DeFi BrowserUITests.xctest */ = {isa = PBXFileReference; explicitFileType = wrapper.cfbundle; includeInIndex = 0; path = "DeFi BrowserUITests.xctest"; sourceTree = BUILT_PRODUCTS_DIR; };
		47993E7E267EECC900B20455 /* DeFi_BrowserUITests.swift */ = {isa = PBXFileReference; lastKnownFileType = sourcecode.swift; path = DeFi_BrowserUITests.swift; sourceTree = "<group>"; };
		47993E80267EECC900B20455 /* Info.plist */ = {isa = PBXFileReference; lastKnownFileType = text.plist.xml; path = Info.plist; sourceTree = "<group>"; };
/* End PBXFileReference section */

/* Begin PBXFrameworksBuildPhase section */
		47993E56267EECBE00B20455 /* Frameworks */ = {
			isa = PBXFrameworksBuildPhase;
			buildActionMask = 2147483647;
			files = (
			);
			runOnlyForDeploymentPostprocessing = 0;
		};
		47993E6C267EECC900B20455 /* Frameworks */ = {
			isa = PBXFrameworksBuildPhase;
			buildActionMask = 2147483647;
			files = (
			);
			runOnlyForDeploymentPostprocessing = 0;
		};
		47993E77267EECC900B20455 /* Frameworks */ = {
			isa = PBXFrameworksBuildPhase;
			buildActionMask = 2147483647;
			files = (
			);
			runOnlyForDeploymentPostprocessing = 0;
		};
/* End PBXFrameworksBuildPhase section */

/* Begin PBXGroup section */
		47993E50267EECBE00B20455 = {
			isa = PBXGroup;
			children = (
				47993E5B267EECBE00B20455 /* DeFi Browser */,
				47993E72267EECC900B20455 /* DeFi BrowserTests */,
				47993E7D267EECC900B20455 /* DeFi BrowserUITests */,
				47993E5A267EECBE00B20455 /* Products */,
			);
			sourceTree = "<group>";
		};
		47993E5A267EECBE00B20455 /* Products */ = {
			isa = PBXGroup;
			children = (
				47993E59267EECBE00B20455 /* DeFi Browser.app */,
				47993E6F267EECC900B20455 /* DeFi BrowserTests.xctest */,
				47993E7A267EECC900B20455 /* DeFi BrowserUITests.xctest */,
			);
			name = Products;
			sourceTree = "<group>";
		};
		47993E5B267EECBE00B20455 /* DeFi Browser */ = {
			isa = PBXGroup;
			children = (
				47993E5C267EECBE00B20455 /* AppDelegate.swift */,
				47993E5E267EECBE00B20455 /* SceneDelegate.swift */,
				47993E60267EECBE00B20455 /* ViewController.swift */,
				47993E62267EECBE00B20455 /* Main.storyboard */,
				47993E65267EECC700B20455 /* Assets.xcassets */,
				47993E67267EECC700B20455 /* LaunchScreen.storyboard */,
				47993E6A267EECC700B20455 /* Info.plist */,
			);
			path = "DeFi Browser";
			sourceTree = "<group>";
		};
		47993E72267EECC900B20455 /* DeFi BrowserTests */ = {
			isa = PBXGroup;
			children = (
				47993E73267EECC900B20455 /* DeFi_BrowserTests.swift */,
				47993E75267EECC900B20455 /* Info.plist */,
			);
			path = "DeFi BrowserTests";
			sourceTree = "<group>";
		};
		47993E7D267EECC900B20455 /* DeFi BrowserUITests */ = {
			isa = PBXGroup;
			children = (
				47993E7E267EECC900B20455 /* DeFi_BrowserUITests.swift */,
				47993E80267EECC900B20455 /* Info.plist */,
			);
			path = "DeFi BrowserUITests";
			sourceTree = "<group>";
		};
/* End PBXGroup section */

/* Begin PBXNativeTarget section */
		47993E58267EECBE00B20455 /* DeFi Browser */ = {
			isa = PBXNativeTarget;
			buildConfigurationList = 47993E83267EECC900B20455 /* Build configuration list for PBXNativeTarget "DeFi Browser" */;
			buildPhases = (
				47993E55267EECBE00B20455 /* Sources */,
				47993E56267EECBE00B20455 /* Frameworks */,
				47993E57267EECBE00B20455 /* Resources */,
			);
			buildRules = (
			);
			dependencies = (
			);
			name = "DeFi Browser";
			productName = "DeFi Browser";
			productReference = 47993E59267EECBE00B20455 /* DeFi Browser.app */;
			productType = "com.apple.product-type.application";
		};
		47993E6E267EECC900B20455 /* DeFi BrowserTests */ = {
			isa = PBXNativeTarget;
			buildConfigurationList = 47993E86267EECC900B20455 /* Build configuration list for PBXNativeTarget "DeFi BrowserTests" */;
			buildPhases = (
				47993E6B267EECC900B20455 /* Sources */,
				47993E6C267EECC900B20455 /* Frameworks */,
				47993E6D267EECC900B20455 /* Resources */,
			);
			buildRules = (
			);
			dependencies = (
				47993E71267EECC900B20455 /* PBXTargetDependency */,
			);
			name = "DeFi BrowserTests";
			productName = "DeFi BrowserTests";
			productReference = 47993E6F267EECC900B20455 /* DeFi BrowserTests.xctest */;
			productType = "com.apple.product-type.bundle.unit-test";
		};
		47993E79267EECC900B20455 /* DeFi BrowserUITests */ = {
			isa = PBXNativeTarget;
			buildConfigurationList = 47993E89267EECC900B20455 /* Build configuration list for PBXNativeTarget "DeFi BrowserUITests" */;
			buildPhases = (
				47993E76267EECC900B20455 /* Sources */,
				47993E77267EECC900B20455 /* Frameworks */,
				47993E78267EECC900B20455 /* Resources */,
			);
			buildRules = (
			);
			dependencies = (
				47993E7C267EECC900B20455 /* PBXTargetDependency */,
			);
			name = "DeFi BrowserUITests";
			productName = "DeFi BrowserUITests";
			productReference = 47993E7A267EECC900B20455 /* DeFi BrowserUITests.xctest */;
			productType = "com.apple.product-type.bundle.ui-testing";
		};
/* End PBXNativeTarget section */

/* Begin PBXProject section */
		47993E51267EECBE00B20455 /* Project object */ = {
			isa = PBXProject;
			attributes = {
				LastSwiftUpdateCheck = 1250;
				LastUpgradeCheck = 1250;
				TargetAttributes = {
					47993E58267EECBE00B20455 = {
						CreatedOnToolsVersion = 12.5;
					};
					47993E6E267EECC900B20455 = {
						CreatedOnToolsVersion = 12.5;
						TestTargetID = 47993E58267EECBE00B20455;
					};
					47993E79267EECC900B20455 = {
						CreatedOnToolsVersion = 12.5;
						TestTargetID = 47993E58267EECBE00B20455;
					};
				};
			};
			buildConfigurationList = 47993E54267EECBE00B20455 /* Build configuration list for PBXProject "DeFi Browser" */;
			compatibilityVersion = "Xcode 9.3";
			developmentRegion = en;
			hasScannedForEncodings = 0;
			knownRegions = (
				en,
				Base,
			);
			mainGroup = 47993E50267EECBE00B20455;
			productRefGroup = 47993E5A267EECBE00B20455 /* Products */;
			projectDirPath = "";
			projectRoot = "";
			targets = (
				47993E58267EECBE00B20455 /* DeFi Browser */,
				47993E6E267EECC900B20455 /* DeFi BrowserTests */,
				47993E79267EECC900B20455 /* DeFi BrowserUITests */,
			);
		};
/* End PBXProject section */

/* Begin PBXResourcesBuildPhase section */
		47993E57267EECBE00B20455 /* Resources */ = {
			isa = PBXResourcesBuildPhase;
			buildActionMask = 2147483647;
			files = (
				47993E69267EECC700B20455 /* LaunchScreen.storyboard in Resources */,
				47993E66267EECC700B20455 /* Assets.xcassets in Resources */,
				47993E64267EECBE00B20455 /* Main.storyboard in Resources */,
			);
			runOnlyForDeploymentPostprocessing = 0;
		};
		47993E6D267EECC900B20455 /* Resources */ = {
			isa = PBXResourcesBuildPhase;
			buildActionMask = 2147483647;
			files = (
			);
			runOnlyForDeploymentPostprocessing = 0;
		};
		47993E78267EECC900B20455 /* Resources */ = {
			isa = PBXResourcesBuildPhase;
			buildActionMask = 2147483647;
			files = (
			);
			runOnlyForDeploymentPostprocessing = 0;
		};
/* End PBXResourcesBuildPhase section */

/* Begin PBXSourcesBuildPhase section */
		47993E55267EECBE00B20455 /* Sources */ = {
			isa = PBXSourcesBuildPhase;
			buildActionMask = 2147483647;
			files = (
				47993E61267EECBE00B20455 /* ViewController.swift in Sources */,
				47993E5D267EECBE00B20455 /* AppDelegate.swift in Sources */,
				47993E5F267EECBE00B20455 /* SceneDelegate.swift in Sources */,
			);
			runOnlyForDeploymentPostprocessing = 0;
		};
		47993E6B267EECC900B20455 /* Sources */ = {
			isa = PBXSourcesBuildPhase;
			buildActionMask = 2147483647;
			files = (
				47993E74267EECC900B20455 /* DeFi_BrowserTests.swift in Sources */,
			);
			runOnlyForDeploymentPostprocessing = 0;
		};
		47993E76267EECC900B20455 /* Sources */ = {
			isa = PBXSourcesBuildPhase;
			buildActionMask = 2147483647;
			files = (
				47993E7F267EECC900B20455 /* DeFi_BrowserUITests.swift in Sources */,
			);
			runOnlyForDeploymentPostprocessing = 0;
		};
/* End PBXSourcesBuildPhase section */

/* Begin PBXTargetDependency section */
		47993E71267EECC900B20455 /* PBXTargetDependency */ = {
			isa = PBXTargetDependency;
			target = 47993E58267EECBE00B20455 /* DeFi Browser */;
			targetProxy = 47993E70267EECC900B20455 /* PBXContainerItemProxy */;
		};
		47993E7C267EECC900B20455 /* PBXTargetDependency */ = {
			isa = PBXTargetDependency;
			target = 47993E58267EECBE00B20455 /* DeFi Browser */;
			targetProxy = 47993E7B267EECC900B20455 /* PBXContainerItemProxy */;
		};
/* End PBXTargetDependency section */

/* Begin PBXVariantGroup section */
		47993E62267EECBE00B20455 /* Main.storyboard */ = {
			isa = PBXVariantGroup;
			children = (
				47993E63267EECBE00B20455 /* Base */,
			);
			name = Main.storyboard;
			sourceTree = "<group>";
		};
		47993E67267EECC700B20455 /* LaunchScreen.storyboard */ = {
			isa = PBXVariantGroup;
			children = (
				47993E68267EECC700B20455 /* Base */,
			);
			name = LaunchScreen.storyboard;
			sourceTree = "<group>";
		};
/* End PBXVariantGroup section */

/* Begin XCBuildConfiguration section */
		47993E81267EECC900B20455 /* Debug */ = {
			isa = XCBuildConfiguration;
			buildSettings = {
				ALWAYS_SEARCH_USER_PATHS = NO;
				CLANG_ANALYZER_NONNULL = YES;
				CLANG_ANALYZER_NUMBER_OBJECT_CONVERSION = YES_AGGRESSIVE;
				CLANG_CXX_LANGUAGE_STANDARD = "gnu++14";
				CLANG_CXX_LIBRARY = "libc++";
				CLANG_ENABLE_MODULES = YES;
				CLANG_ENABLE_OBJC_ARC = YES;
				CLANG_ENABLE_OBJC_WEAK = YES;
				CLANG_WARN_BLOCK_CAPTURE_AUTORELEASING = YES;
				CLANG_WARN_BOOL_CONVERSION = YES;
				CLANG_WARN_COMMA = YES;
				CLANG_WARN_CONSTANT_CONVERSION = YES;
				CLANG_WARN_DEPRECATED_OBJC_IMPLEMENTATIONS = YES;
				CLANG_WARN_DIRECT_OBJC_ISA_USAGE = YES_ERROR;
				CLANG_WARN_DOCUMENTATION_COMMENTS = YES;
				CLANG_WARN_EMPTY_BODY = YES;
				CLANG_WARN_ENUM_CONVERSION = YES;
				CLANG_WARN_INFINITE_RECURSION = YES;
				CLANG_WARN_INT_CONVERSION = YES;
				CLANG_WARN_NON_LITERAL_NULL_CONVERSION = YES;
				CLANG_WARN_OBJC_IMPLICIT_RETAIN_SELF = YES;
				CLANG_WARN_OBJC_LITERAL_CONVERSION = YES;
				CLANG_WARN_OBJC_ROOT_CLASS = YES_ERROR;
				CLANG_WARN_QUOTED_INCLUDE_IN_FRAMEWORK_HEADER = YES;
				CLANG_WARN_RANGE_LOOP_ANALYSIS = YES;
				CLANG_WARN_STRICT_PROTOTYPES = YES;
				CLANG_WARN_SUSPICIOUS_MOVE = YES;
				CLANG_WARN_UNGUARDED_AVAILABILITY = YES_AGGRESSIVE;
				CLANG_WARN_UNREACHABLE_CODE = YES;
				CLANG_WARN__DUPLICATE_METHOD_MATCH = YES;
				COPY_PHASE_STRIP = NO;
				DEBUG_INFORMATION_FORMAT = dwarf;
				ENABLE_STRICT_OBJC_MSGSEND = YES;
				ENABLE_TESTABILITY = YES;
				GCC_C_LANGUAGE_STANDARD = gnu11;
				GCC_DYNAMIC_NO_PIC = NO;
				GCC_NO_COMMON_BLOCKS = YES;
				GCC_OPTIMIZATION_LEVEL = 0;
				GCC_PREPROCESSOR_DEFINITIONS = (
					"DEBUG=1",
					"$(inherited)",
				);
				GCC_WARN_64_TO_32_BIT_CONVERSION = YES;
				GCC_WARN_ABOUT_RETURN_TYPE = YES_ERROR;
				GCC_WARN_UNDECLARED_SELECTOR = YES;
				GCC_WARN_UNINITIALIZED_AUTOS = YES_AGGRESSIVE;
				GCC_WARN_UNUSED_FUNCTION = YES;
				GCC_WARN_UNUSED_VARIABLE = YES;
				IPHONEOS_DEPLOYMENT_TARGET = 14.5;
				MTL_ENABLE_DEBUG_INFO = INCLUDE_SOURCE;
				MTL_FAST_MATH = YES;
				ONLY_ACTIVE_ARCH = YES;
				SDKROOT = iphoneos;
				SWIFT_ACTIVE_COMPILATION_CONDITIONS = DEBUG;
				SWIFT_OPTIMIZATION_LEVEL = "-Onone";
			};
			name = Debug;
		};
		47993E82267EECC900B20455 /* Release */ = {
			isa = XCBuildConfiguration;
			buildSettings = {
				ALWAYS_SEARCH_USER_PATHS = NO;
				CLANG_ANALYZER_NONNULL = YES;
				CLANG_ANALYZER_NUMBER_OBJECT_CONVERSION = YES_AGGRESSIVE;
				CLANG_CXX_LANGUAGE_STANDARD = "gnu++14";
				CLANG_CXX_LIBRARY = "libc++";
				CLANG_ENABLE_MODULES = YES;
				CLANG_ENABLE_OBJC_ARC = YES;
				CLANG_ENABLE_OBJC_WEAK = YES;
				CLANG_WARN_BLOCK_CAPTURE_AUTORELEASING = YES;
				CLANG_WARN_BOOL_CONVERSION = YES;
				CLANG_WARN_COMMA = YES;
				CLANG_WARN_CONSTANT_CONVERSION = YES;
				CLANG_WARN_DEPRECATED_OBJC_IMPLEMENTATIONS = YES;
				CLANG_WARN_DIRECT_OBJC_ISA_USAGE = YES_ERROR;
				CLANG_WARN_DOCUMENTATION_COMMENTS = YES;
				CLANG_WARN_EMPTY_BODY = YES;
				CLANG_WARN_ENUM_CONVERSION = YES;
				CLANG_WARN_INFINITE_RECURSION = YES;
				CLANG_WARN_INT_CONVERSION = YES;
				CLANG_WARN_NON_LITERAL_NULL_CONVERSION = YES;
				CLANG_WARN_OBJC_IMPLICIT_RETAIN_SELF = YES;
				CLANG_WARN_OBJC_LITERAL_CONVERSION = YES;
				CLANG_WARN_OBJC_ROOT_CLASS = YES_ERROR;
				CLANG_WARN_QUOTED_INCLUDE_IN_FRAMEWORK_HEADER = YES;
				CLANG_WARN_RANGE_LOOP_ANALYSIS = YES;
				CLANG_WARN_STRICT_PROTOTYPES = YES;
				CLANG_WARN_SUSPICIOUS_MOVE = YES;
				CLANG_WARN_UNGUARDED_AVAILABILITY = YES_AGGRESSIVE;
				CLANG_WARN_UNREACHABLE_CODE = YES;
				CLANG_WARN__DUPLICATE_METHOD_MATCH = YES;
				COPY_PHASE_STRIP = NO;
				DEBUG_INFORMATION_FORMAT = "dwarf-with-dsym";
				ENABLE_NS_ASSERTIONS = NO;
				ENABLE_STRICT_OBJC_MSGSEND = YES;
				GCC_C_LANGUAGE_STANDARD = gnu11;
				GCC_NO_COMMON_BLOCKS = YES;
				GCC_WARN_64_TO_32_BIT_CONVERSION = YES;
				GCC_WARN_ABOUT_RETURN_TYPE = YES_ERROR;
				GCC_WARN_UNDECLARED_SELECTOR = YES;
				GCC_WARN_UNINITIALIZED_AUTOS = YES_AGGRESSIVE;
				GCC_WARN_UNUSED_FUNCTION = YES;
				GCC_WARN_UNUSED_VARIABLE = YES;
				IPHONEOS_DEPLOYMENT_TARGET = 14.5;
				MTL_ENABLE_DEBUG_INFO = NO;
				MTL_FAST_MATH = YES;
				SDKROOT = iphoneos;
				SWIFT_COMPILATION_MODE = wholemodule;
				SWIFT_OPTIMIZATION_LEVEL = "-O";
				VALIDATE_PRODUCT = YES;
			};
			name = Release;
		};
		47993E84267EECC900B20455 /* Debug */ = {
			isa = XCBuildConfiguration;
			buildSettings = {
				ASSETCATALOG_COMPILER_APPICON_NAME = AppIcon;
				ASSETCATALOG_COMPILER_GLOBAL_ACCENT_COLOR_NAME = AccentColor;
				CODE_SIGN_STYLE = Automatic;
				DEVELOPMENT_TEAM = VY9L7K3A35;
				INFOPLIST_FILE = "DeFi Browser/Info.plist";
				LD_RUNPATH_SEARCH_PATHS = (
					"$(inherited)",
					"@executable_path/Frameworks",
				);
				PRODUCT_BUNDLE_IDENTIFIER = "DanielLimaDF.DeFi-Browser";
				PRODUCT_NAME = "$(TARGET_NAME)";
				SWIFT_VERSION = 5.0;
				TARGETED_DEVICE_FAMILY = "1,2";
			};
			name = Debug;
		};
		47993E85267EECC900B20455 /* Release */ = {
			isa = XCBuildConfiguration;
			buildSettings = {
				ASSETCATALOG_COMPILER_APPICON_NAME = AppIcon;
				ASSETCATALOG_COMPILER_GLOBAL_ACCENT_COLOR_NAME = AccentColor;
				CODE_SIGN_STYLE = Automatic;
				DEVELOPMENT_TEAM = VY9L7K3A35;
				INFOPLIST_FILE = "DeFi Browser/Info.plist";
				LD_RUNPATH_SEARCH_PATHS = (
					"$(inherited)",
					"@executable_path/Frameworks",
				);
				PRODUCT_BUNDLE_IDENTIFIER = "DanielLimaDF.DeFi-Browser";
				PRODUCT_NAME = "$(TARGET_NAME)";
				SWIFT_VERSION = 5.0;
				TARGETED_DEVICE_FAMILY = "1,2";
			};
			name = Release;
		};
		47993E87267EECC900B20455 /* Debug */ = {
			isa = XCBuildConfiguration;
			buildSettings = {
				ALWAYS_EMBED_SWIFT_STANDARD_LIBRARIES = YES;
				BUNDLE_LOADER = "$(TEST_HOST)";
				CODE_SIGN_STYLE = Automatic;
				DEVELOPMENT_TEAM = VY9L7K3A35;
				INFOPLIST_FILE = "DeFi BrowserTests/Info.plist";
				IPHONEOS_DEPLOYMENT_TARGET = 14.5;
				LD_RUNPATH_SEARCH_PATHS = (
					"$(inherited)",
					"@executable_path/Frameworks",
					"@loader_path/Frameworks",
				);
				PRODUCT_BUNDLE_IDENTIFIER = "DanielLimaDF.DeFi-BrowserTests";
				PRODUCT_NAME = "$(TARGET_NAME)";
				SWIFT_VERSION = 5.0;
				TARGETED_DEVICE_FAMILY = "1,2";
				TEST_HOST = "$(BUILT_PRODUCTS_DIR)/DeFi Browser.app/DeFi Browser";
			};
			name = Debug;
		};
		47993E88267EECC900B20455 /* Release */ = {
			isa = XCBuildConfiguration;
			buildSettings = {
				ALWAYS_EMBED_SWIFT_STANDARD_LIBRARIES = YES;
				BUNDLE_LOADER = "$(TEST_HOST)";
				CODE_SIGN_STYLE = Automatic;
				DEVELOPMENT_TEAM = VY9L7K3A35;
				INFOPLIST_FILE = "DeFi BrowserTests/Info.plist";
				IPHONEOS_DEPLOYMENT_TARGET = 14.5;
				LD_RUNPATH_SEARCH_PATHS = (
					"$(inherited)",
					"@executable_path/Frameworks",
					"@loader_path/Frameworks",
				);
				PRODUCT_BUNDLE_IDENTIFIER = "DanielLimaDF.DeFi-BrowserTests";
				PRODUCT_NAME = "$(TARGET_NAME)";
				SWIFT_VERSION = 5.0;
				TARGETED_DEVICE_FAMILY = "1,2";
				TEST_HOST = "$(BUILT_PRODUCTS_DIR)/DeFi Browser.app/DeFi Browser";
			};
			name = Release;
		};
		47993E8A267EECC900B20455 /* Debug */ = {
			isa = XCBuildConfiguration;
			buildSettings = {
				ALWAYS_EMBED_SWIFT_STANDARD_LIBRARIES = YES;
				CODE_SIGN_STYLE = Automatic;
				DEVELOPMENT_TEAM = VY9L7K3A35;
				INFOPLIST_FILE = "DeFi BrowserUITests/Info.plist";
				LD_RUNPATH_SEARCH_PATHS = (
					"$(inherited)",
					"@executable_path/Frameworks",
					"@loader_path/Frameworks",
				);
				PRODUCT_BUNDLE_IDENTIFIER = "DanielLimaDF.DeFi-BrowserUITests";
				PRODUCT_NAME = "$(TARGET_NAME)";
				SWIFT_VERSION = 5.0;
				TARGETED_DEVICE_FAMILY = "1,2";
				TEST_TARGET_NAME = "DeFi Browser";
			};
			name = Debug;
		};
		47993E8B267EECC900B20455 /* Release */ = {
			isa = XCBuildConfiguration;
			buildSettings = {
				ALWAYS_EMBED_SWIFT_STANDARD_LIBRARIES = YES;
				CODE_SIGN_STYLE = Automatic;
				DEVELOPMENT_TEAM = VY9L7K3A35;
				INFOPLIST_FILE = "DeFi BrowserUITests/Info.plist";
				LD_RUNPATH_SEARCH_PATHS = (
					"$(inherited)",
					"@executable_path/Frameworks",
					"@loader_path/Frameworks",
				);
				PRODUCT_BUNDLE_IDENTIFIER = "DanielLimaDF.DeFi-BrowserUITests";
				PRODUCT_NAME = "$(TARGET_NAME)";
				SWIFT_VERSION = 5.0;
				TARGETED_DEVICE_FAMILY = "1,2";
				TEST_TARGET_NAME = "DeFi Browser";
			};
			name = Release;
		};
/* End XCBuildConfiguration section */

/* Begin XCConfigurationList section */
		47993E54267EECBE00B20455 /* Build configuration list for PBXProject "DeFi Browser" */ = {
			isa = XCConfigurationList;
			buildConfigurations = (
				47993E81267EECC900B20455 /* Debug */,
				47993E82267EECC900B20455 /* Release */,
			);
			defaultConfigurationIsVisible = 0;
			defaultConfigurationName = Release;
		};
		47993E83267EECC900B20455 /* Build configuration list for PBXNativeTarget "DeFi Browser" */ = {
			isa = XCConfigurationList;
			buildConfigurations = (
				47993E84267EECC900B20455 /* Debug */,
				47993E85267EECC900B20455 /* Release */,
			);
			defaultConfigurationIsVisible = 0;
			defaultConfigurationName = Release;
		};
		47993E86267EECC900B20455 /* Build configuration list for PBXNativeTarget "DeFi BrowserTests" */ = {
			isa = XCConfigurationList;
			buildConfigurations = (
				47993E87267EECC900B20455 /* Debug */,
				47993E88267EECC900B20455 /* Release */,
			);
			defaultConfigurationIsVisible = 0;
			defaultConfigurationName = Release;
		};
		47993E89267EECC900B20455 /* Build configuration list for PBXNativeTarget "DeFi BrowserUITests" */ = {
			isa = XCConfigurationList;
			buildConfigurations = (
				47993E8A267EECC900B20455 /* Debug */,
				47993E8B267EECC900B20455 /* Release */,
			);
			defaultConfigurationIsVisible = 0;
			defaultConfigurationName = Release;
		};
/* End XCConfigurationList section */
	};
	rootObject = 47993E51267EECBE00B20455 /* Project object */;
}
